// !$*UTF8*$!
{
	archiveVersion = 1;
	classes = {
	};
	objectVersion = 46;
	objects = {

/* Begin PBXBuildFile section */
		DC52206E1BEA321300F37F2A /* Heimdallr.swift in Sources */ = {isa = PBXBuildFile; fileRef = DC5220471BEA320B00F37F2A /* Heimdallr.swift */; settings = {ASSET_TAGS = (); }; };
		DC52206F1BEA321300F37F2A /* HeimdallrHTTPClient.swift in Sources */ = {isa = PBXBuildFile; fileRef = DC5220481BEA320B00F37F2A /* HeimdallrHTTPClient.swift */; settings = {ASSET_TAGS = (); }; };
		DC5220701BEA321300F37F2A /* HeimdallrHTTPClientNSURLSession.swift in Sources */ = {isa = PBXBuildFile; fileRef = DC5220491BEA320B00F37F2A /* HeimdallrHTTPClientNSURLSession.swift */; settings = {ASSET_TAGS = (); }; };
		DC5220711BEA321300F37F2A /* HeimdallrResourceRequestAuthenticator.swift in Sources */ = {isa = PBXBuildFile; fileRef = DC52204A1BEA320B00F37F2A /* HeimdallrResourceRequestAuthenticator.swift */; settings = {ASSET_TAGS = (); }; };
		DC5220721BEA321300F37F2A /* HeimdallrResourceRequestAuthenticatorHTTPAuthorizationHeader.swift in Sources */ = {isa = PBXBuildFile; fileRef = DC52204B1BEA320B00F37F2A /* HeimdallrResourceRequestAuthenticatorHTTPAuthorizationHeader.swift */; settings = {ASSET_TAGS = (); }; };
		DC5220731BEA321300F37F2A /* NSDateExtensions.swift in Sources */ = {isa = PBXBuildFile; fileRef = DC52204C1BEA320B00F37F2A /* NSDateExtensions.swift */; settings = {ASSET_TAGS = (); }; };
		DC5220741BEA321300F37F2A /* NSURLRequestExtensions.swift in Sources */ = {isa = PBXBuildFile; fileRef = DC52204D1BEA320B00F37F2A /* NSURLRequestExtensions.swift */; settings = {ASSET_TAGS = (); }; };
		DC5220751BEA321300F37F2A /* OAuthAccessToken.swift in Sources */ = {isa = PBXBuildFile; fileRef = DC52204E1BEA320B00F37F2A /* OAuthAccessToken.swift */; settings = {ASSET_TAGS = (); }; };
		DC5220761BEA321300F37F2A /* OAuthAccessTokenKeychainStore.swift in Sources */ = {isa = PBXBuildFile; fileRef = DC52204F1BEA320B00F37F2A /* OAuthAccessTokenKeychainStore.swift */; settings = {ASSET_TAGS = (); }; };
		DC5220771BEA321300F37F2A /* OAuthAccessTokenStore.swift in Sources */ = {isa = PBXBuildFile; fileRef = DC5220501BEA320B00F37F2A /* OAuthAccessTokenStore.swift */; settings = {ASSET_TAGS = (); }; };
		DC5220781BEA321300F37F2A /* OAuthAuthorizationGrant.swift in Sources */ = {isa = PBXBuildFile; fileRef = DC5220511BEA320B00F37F2A /* OAuthAuthorizationGrant.swift */; settings = {ASSET_TAGS = (); }; };
		DC5220791BEA321300F37F2A /* OAuthClientCredentials.swift in Sources */ = {isa = PBXBuildFile; fileRef = DC5220521BEA320B00F37F2A /* OAuthClientCredentials.swift */; settings = {ASSET_TAGS = (); }; };
		DC52207A1BEA321300F37F2A /* OAuthError.swift in Sources */ = {isa = PBXBuildFile; fileRef = DC5220531BEA320B00F37F2A /* OAuthError.swift */; settings = {ASSET_TAGS = (); }; };
		DC52207B1BEA321500F37F2A /* Heimdallr.swift in Sources */ = {isa = PBXBuildFile; fileRef = DC5220471BEA320B00F37F2A /* Heimdallr.swift */; settings = {ASSET_TAGS = (); }; };
		DC52207C1BEA321500F37F2A /* HeimdallrHTTPClient.swift in Sources */ = {isa = PBXBuildFile; fileRef = DC5220481BEA320B00F37F2A /* HeimdallrHTTPClient.swift */; settings = {ASSET_TAGS = (); }; };
		DC52207D1BEA321500F37F2A /* HeimdallrHTTPClientNSURLSession.swift in Sources */ = {isa = PBXBuildFile; fileRef = DC5220491BEA320B00F37F2A /* HeimdallrHTTPClientNSURLSession.swift */; settings = {ASSET_TAGS = (); }; };
		DC52207E1BEA321500F37F2A /* HeimdallrResourceRequestAuthenticator.swift in Sources */ = {isa = PBXBuildFile; fileRef = DC52204A1BEA320B00F37F2A /* HeimdallrResourceRequestAuthenticator.swift */; settings = {ASSET_TAGS = (); }; };
		DC52207F1BEA321500F37F2A /* HeimdallrResourceRequestAuthenticatorHTTPAuthorizationHeader.swift in Sources */ = {isa = PBXBuildFile; fileRef = DC52204B1BEA320B00F37F2A /* HeimdallrResourceRequestAuthenticatorHTTPAuthorizationHeader.swift */; settings = {ASSET_TAGS = (); }; };
		DC5220801BEA321500F37F2A /* NSDateExtensions.swift in Sources */ = {isa = PBXBuildFile; fileRef = DC52204C1BEA320B00F37F2A /* NSDateExtensions.swift */; settings = {ASSET_TAGS = (); }; };
		DC5220811BEA321500F37F2A /* NSURLRequestExtensions.swift in Sources */ = {isa = PBXBuildFile; fileRef = DC52204D1BEA320B00F37F2A /* NSURLRequestExtensions.swift */; settings = {ASSET_TAGS = (); }; };
		DC5220821BEA321500F37F2A /* OAuthAccessToken.swift in Sources */ = {isa = PBXBuildFile; fileRef = DC52204E1BEA320B00F37F2A /* OAuthAccessToken.swift */; settings = {ASSET_TAGS = (); }; };
		DC5220831BEA321500F37F2A /* OAuthAccessTokenKeychainStore.swift in Sources */ = {isa = PBXBuildFile; fileRef = DC52204F1BEA320B00F37F2A /* OAuthAccessTokenKeychainStore.swift */; settings = {ASSET_TAGS = (); }; };
		DC5220841BEA321500F37F2A /* OAuthAccessTokenStore.swift in Sources */ = {isa = PBXBuildFile; fileRef = DC5220501BEA320B00F37F2A /* OAuthAccessTokenStore.swift */; settings = {ASSET_TAGS = (); }; };
		DC5220851BEA321500F37F2A /* OAuthAuthorizationGrant.swift in Sources */ = {isa = PBXBuildFile; fileRef = DC5220511BEA320B00F37F2A /* OAuthAuthorizationGrant.swift */; settings = {ASSET_TAGS = (); }; };
		DC5220861BEA321500F37F2A /* OAuthClientCredentials.swift in Sources */ = {isa = PBXBuildFile; fileRef = DC5220521BEA320B00F37F2A /* OAuthClientCredentials.swift */; settings = {ASSET_TAGS = (); }; };
		DC5220871BEA321500F37F2A /* OAuthError.swift in Sources */ = {isa = PBXBuildFile; fileRef = DC5220531BEA320B00F37F2A /* OAuthError.swift */; settings = {ASSET_TAGS = (); }; };
		DC5220881BEA321500F37F2A /* Heimdallr.swift in Sources */ = {isa = PBXBuildFile; fileRef = DC5220471BEA320B00F37F2A /* Heimdallr.swift */; settings = {ASSET_TAGS = (); }; };
		DC5220891BEA321500F37F2A /* HeimdallrHTTPClient.swift in Sources */ = {isa = PBXBuildFile; fileRef = DC5220481BEA320B00F37F2A /* HeimdallrHTTPClient.swift */; settings = {ASSET_TAGS = (); }; };
		DC52208A1BEA321500F37F2A /* HeimdallrHTTPClientNSURLSession.swift in Sources */ = {isa = PBXBuildFile; fileRef = DC5220491BEA320B00F37F2A /* HeimdallrHTTPClientNSURLSession.swift */; settings = {ASSET_TAGS = (); }; };
		DC52208B1BEA321500F37F2A /* HeimdallrResourceRequestAuthenticator.swift in Sources */ = {isa = PBXBuildFile; fileRef = DC52204A1BEA320B00F37F2A /* HeimdallrResourceRequestAuthenticator.swift */; settings = {ASSET_TAGS = (); }; };
		DC52208C1BEA321500F37F2A /* HeimdallrResourceRequestAuthenticatorHTTPAuthorizationHeader.swift in Sources */ = {isa = PBXBuildFile; fileRef = DC52204B1BEA320B00F37F2A /* HeimdallrResourceRequestAuthenticatorHTTPAuthorizationHeader.swift */; settings = {ASSET_TAGS = (); }; };
		DC52208D1BEA321500F37F2A /* NSDateExtensions.swift in Sources */ = {isa = PBXBuildFile; fileRef = DC52204C1BEA320B00F37F2A /* NSDateExtensions.swift */; settings = {ASSET_TAGS = (); }; };
		DC52208E1BEA321500F37F2A /* NSURLRequestExtensions.swift in Sources */ = {isa = PBXBuildFile; fileRef = DC52204D1BEA320B00F37F2A /* NSURLRequestExtensions.swift */; settings = {ASSET_TAGS = (); }; };
		DC52208F1BEA321500F37F2A /* OAuthAccessToken.swift in Sources */ = {isa = PBXBuildFile; fileRef = DC52204E1BEA320B00F37F2A /* OAuthAccessToken.swift */; settings = {ASSET_TAGS = (); }; };
		DC5220901BEA321500F37F2A /* OAuthAccessTokenKeychainStore.swift in Sources */ = {isa = PBXBuildFile; fileRef = DC52204F1BEA320B00F37F2A /* OAuthAccessTokenKeychainStore.swift */; settings = {ASSET_TAGS = (); }; };
		DC5220911BEA321500F37F2A /* OAuthAccessTokenStore.swift in Sources */ = {isa = PBXBuildFile; fileRef = DC5220501BEA320B00F37F2A /* OAuthAccessTokenStore.swift */; settings = {ASSET_TAGS = (); }; };
		DC5220921BEA321500F37F2A /* OAuthAuthorizationGrant.swift in Sources */ = {isa = PBXBuildFile; fileRef = DC5220511BEA320B00F37F2A /* OAuthAuthorizationGrant.swift */; settings = {ASSET_TAGS = (); }; };
		DC5220931BEA321500F37F2A /* OAuthClientCredentials.swift in Sources */ = {isa = PBXBuildFile; fileRef = DC5220521BEA320B00F37F2A /* OAuthClientCredentials.swift */; settings = {ASSET_TAGS = (); }; };
		DC5220941BEA321500F37F2A /* OAuthError.swift in Sources */ = {isa = PBXBuildFile; fileRef = DC5220531BEA320B00F37F2A /* OAuthError.swift */; settings = {ASSET_TAGS = (); }; };
		DC5220951BEA321600F37F2A /* Heimdallr.swift in Sources */ = {isa = PBXBuildFile; fileRef = DC5220471BEA320B00F37F2A /* Heimdallr.swift */; settings = {ASSET_TAGS = (); }; };
		DC5220961BEA321600F37F2A /* HeimdallrHTTPClient.swift in Sources */ = {isa = PBXBuildFile; fileRef = DC5220481BEA320B00F37F2A /* HeimdallrHTTPClient.swift */; settings = {ASSET_TAGS = (); }; };
		DC5220971BEA321600F37F2A /* HeimdallrHTTPClientNSURLSession.swift in Sources */ = {isa = PBXBuildFile; fileRef = DC5220491BEA320B00F37F2A /* HeimdallrHTTPClientNSURLSession.swift */; settings = {ASSET_TAGS = (); }; };
		DC5220981BEA321600F37F2A /* HeimdallrResourceRequestAuthenticator.swift in Sources */ = {isa = PBXBuildFile; fileRef = DC52204A1BEA320B00F37F2A /* HeimdallrResourceRequestAuthenticator.swift */; settings = {ASSET_TAGS = (); }; };
		DC5220991BEA321600F37F2A /* HeimdallrResourceRequestAuthenticatorHTTPAuthorizationHeader.swift in Sources */ = {isa = PBXBuildFile; fileRef = DC52204B1BEA320B00F37F2A /* HeimdallrResourceRequestAuthenticatorHTTPAuthorizationHeader.swift */; settings = {ASSET_TAGS = (); }; };
		DC52209A1BEA321600F37F2A /* NSDateExtensions.swift in Sources */ = {isa = PBXBuildFile; fileRef = DC52204C1BEA320B00F37F2A /* NSDateExtensions.swift */; settings = {ASSET_TAGS = (); }; };
		DC52209B1BEA321600F37F2A /* NSURLRequestExtensions.swift in Sources */ = {isa = PBXBuildFile; fileRef = DC52204D1BEA320B00F37F2A /* NSURLRequestExtensions.swift */; settings = {ASSET_TAGS = (); }; };
		DC52209C1BEA321600F37F2A /* OAuthAccessToken.swift in Sources */ = {isa = PBXBuildFile; fileRef = DC52204E1BEA320B00F37F2A /* OAuthAccessToken.swift */; settings = {ASSET_TAGS = (); }; };
		DC52209D1BEA321600F37F2A /* OAuthAccessTokenKeychainStore.swift in Sources */ = {isa = PBXBuildFile; fileRef = DC52204F1BEA320B00F37F2A /* OAuthAccessTokenKeychainStore.swift */; settings = {ASSET_TAGS = (); }; };
		DC52209E1BEA321600F37F2A /* OAuthAccessTokenStore.swift in Sources */ = {isa = PBXBuildFile; fileRef = DC5220501BEA320B00F37F2A /* OAuthAccessTokenStore.swift */; settings = {ASSET_TAGS = (); }; };
		DC52209F1BEA321600F37F2A /* OAuthAuthorizationGrant.swift in Sources */ = {isa = PBXBuildFile; fileRef = DC5220511BEA320B00F37F2A /* OAuthAuthorizationGrant.swift */; settings = {ASSET_TAGS = (); }; };
		DC5220A01BEA321600F37F2A /* OAuthClientCredentials.swift in Sources */ = {isa = PBXBuildFile; fileRef = DC5220521BEA320B00F37F2A /* OAuthClientCredentials.swift */; settings = {ASSET_TAGS = (); }; };
		DC5220A11BEA321600F37F2A /* OAuthError.swift in Sources */ = {isa = PBXBuildFile; fileRef = DC5220531BEA320B00F37F2A /* OAuthError.swift */; settings = {ASSET_TAGS = (); }; };
		DC5220A21BEA321E00F37F2A /* Heimdallr+ReactiveCocoa.swift in Sources */ = {isa = PBXBuildFile; fileRef = DC5220551BEA320B00F37F2A /* Heimdallr+ReactiveCocoa.swift */; settings = {ASSET_TAGS = (); }; };
		DC5220A31BEA321F00F37F2A /* Heimdallr+ReactiveCocoa.swift in Sources */ = {isa = PBXBuildFile; fileRef = DC5220551BEA320B00F37F2A /* Heimdallr+ReactiveCocoa.swift */; settings = {ASSET_TAGS = (); }; };
		DC5220A41BEA322900F37F2A /* ReactiveHeimdallr.h in Headers */ = {isa = PBXBuildFile; fileRef = DC5220591BEA320B00F37F2A /* ReactiveHeimdallr.h */; settings = {ATTRIBUTES = (Public, ); }; };
		DC5220A51BEA322A00F37F2A /* ReactiveHeimdallr.h in Headers */ = {isa = PBXBuildFile; fileRef = DC5220591BEA320B00F37F2A /* ReactiveHeimdallr.h */; settings = {ATTRIBUTES = (Public, ); }; };
		DC5220A61BEA323500F37F2A /* Heimdallr.h in Headers */ = {isa = PBXBuildFile; fileRef = DC5220571BEA320B00F37F2A /* Heimdallr.h */; settings = {ATTRIBUTES = (Public, ); }; };
		DC5220A71BEA323500F37F2A /* Heimdallr.h in Headers */ = {isa = PBXBuildFile; fileRef = DC5220571BEA320B00F37F2A /* Heimdallr.h */; settings = {ATTRIBUTES = (Public, ); }; };
		DC5220B11BEA32A000F37F2A /* authorize-error.json in Resources */ = {isa = PBXBuildFile; fileRef = DC5220A91BEA32A000F37F2A /* authorize-error.json */; settings = {ASSET_TAGS = (); }; };
		DC5220B21BEA32A000F37F2A /* authorize-error.json in Resources */ = {isa = PBXBuildFile; fileRef = DC5220A91BEA32A000F37F2A /* authorize-error.json */; settings = {ASSET_TAGS = (); }; };
		DC5220B31BEA32A000F37F2A /* authorize-invalid-token.json in Resources */ = {isa = PBXBuildFile; fileRef = DC5220AA1BEA32A000F37F2A /* authorize-invalid-token.json */; settings = {ASSET_TAGS = (); }; };
		DC5220B41BEA32A000F37F2A /* authorize-invalid-token.json in Resources */ = {isa = PBXBuildFile; fileRef = DC5220AA1BEA32A000F37F2A /* authorize-invalid-token.json */; settings = {ASSET_TAGS = (); }; };
		DC5220B51BEA32A000F37F2A /* authorize-invalid-type.json in Resources */ = {isa = PBXBuildFile; fileRef = DC5220AB1BEA32A000F37F2A /* authorize-invalid-type.json */; settings = {ASSET_TAGS = (); }; };
		DC5220B61BEA32A000F37F2A /* authorize-invalid-type.json in Resources */ = {isa = PBXBuildFile; fileRef = DC5220AB1BEA32A000F37F2A /* authorize-invalid-type.json */; settings = {ASSET_TAGS = (); }; };
		DC5220B71BEA32A000F37F2A /* authorize-invalid.json in Resources */ = {isa = PBXBuildFile; fileRef = DC5220AC1BEA32A000F37F2A /* authorize-invalid.json */; settings = {ASSET_TAGS = (); }; };
		DC5220B81BEA32A000F37F2A /* authorize-invalid.json in Resources */ = {isa = PBXBuildFile; fileRef = DC5220AC1BEA32A000F37F2A /* authorize-invalid.json */; settings = {ASSET_TAGS = (); }; };
		DC5220B91BEA32A000F37F2A /* authorize-valid.json in Resources */ = {isa = PBXBuildFile; fileRef = DC5220AD1BEA32A000F37F2A /* authorize-valid.json */; settings = {ASSET_TAGS = (); }; };
		DC5220BA1BEA32A000F37F2A /* authorize-valid.json in Resources */ = {isa = PBXBuildFile; fileRef = DC5220AD1BEA32A000F37F2A /* authorize-valid.json */; settings = {ASSET_TAGS = (); }; };
		DC5220BB1BEA32A000F37F2A /* request-invalid-norefresh.json in Resources */ = {isa = PBXBuildFile; fileRef = DC5220AE1BEA32A000F37F2A /* request-invalid-norefresh.json */; settings = {ASSET_TAGS = (); }; };
		DC5220BC1BEA32A000F37F2A /* request-invalid-norefresh.json in Resources */ = {isa = PBXBuildFile; fileRef = DC5220AE1BEA32A000F37F2A /* request-invalid-norefresh.json */; settings = {ASSET_TAGS = (); }; };
		DC5220BD1BEA32A000F37F2A /* request-invalid.json in Resources */ = {isa = PBXBuildFile; fileRef = DC5220AF1BEA32A000F37F2A /* request-invalid.json */; settings = {ASSET_TAGS = (); }; };
		DC5220BE1BEA32A000F37F2A /* request-invalid.json in Resources */ = {isa = PBXBuildFile; fileRef = DC5220AF1BEA32A000F37F2A /* request-invalid.json */; settings = {ASSET_TAGS = (); }; };
		DC5220BF1BEA32A000F37F2A /* request-valid.json in Resources */ = {isa = PBXBuildFile; fileRef = DC5220B01BEA32A000F37F2A /* request-valid.json */; settings = {ASSET_TAGS = (); }; };
		DC5220C01BEA32A000F37F2A /* request-valid.json in Resources */ = {isa = PBXBuildFile; fileRef = DC5220B01BEA32A000F37F2A /* request-valid.json */; settings = {ASSET_TAGS = (); }; };
		DC5220C11BEA32A900F37F2A /* HeimdallrResourceRequestAuthenticatorHTTPAuthorizationHeaderSpec.swift in Sources */ = {isa = PBXBuildFile; fileRef = DC5220611BEA320B00F37F2A /* HeimdallrResourceRequestAuthenticatorHTTPAuthorizationHeaderSpec.swift */; settings = {ASSET_TAGS = (); }; };
		DC5220C21BEA32A900F37F2A /* HeimdallrSpec.swift in Sources */ = {isa = PBXBuildFile; fileRef = DC5220621BEA320B00F37F2A /* HeimdallrSpec.swift */; settings = {ASSET_TAGS = (); }; };
		DC5220C31BEA32A900F37F2A /* NSDateExtensionsSpec.swift in Sources */ = {isa = PBXBuildFile; fileRef = DC5220631BEA320B00F37F2A /* NSDateExtensionsSpec.swift */; settings = {ASSET_TAGS = (); }; };
		DC5220C41BEA32A900F37F2A /* NSURLRequestExtensionsSpec.swift in Sources */ = {isa = PBXBuildFile; fileRef = DC5220641BEA320B00F37F2A /* NSURLRequestExtensionsSpec.swift */; settings = {ASSET_TAGS = (); }; };
		DC5220C51BEA32A900F37F2A /* OAuthAccessTokenKeychainStoreSpec.swift in Sources */ = {isa = PBXBuildFile; fileRef = DC5220651BEA320B00F37F2A /* OAuthAccessTokenKeychainStoreSpec.swift */; settings = {ASSET_TAGS = (); }; };
		DC5220C61BEA32A900F37F2A /* OAuthAccessTokenSpec.swift in Sources */ = {isa = PBXBuildFile; fileRef = DC5220661BEA320B00F37F2A /* OAuthAccessTokenSpec.swift */; settings = {ASSET_TAGS = (); }; };
		DC5220C71BEA32AA00F37F2A /* HeimdallrResourceRequestAuthenticatorHTTPAuthorizationHeaderSpec.swift in Sources */ = {isa = PBXBuildFile; fileRef = DC5220611BEA320B00F37F2A /* HeimdallrResourceRequestAuthenticatorHTTPAuthorizationHeaderSpec.swift */; settings = {ASSET_TAGS = (); }; };
		DC5220C81BEA32AA00F37F2A /* HeimdallrSpec.swift in Sources */ = {isa = PBXBuildFile; fileRef = DC5220621BEA320B00F37F2A /* HeimdallrSpec.swift */; settings = {ASSET_TAGS = (); }; };
		DC5220C91BEA32AA00F37F2A /* NSDateExtensionsSpec.swift in Sources */ = {isa = PBXBuildFile; fileRef = DC5220631BEA320B00F37F2A /* NSDateExtensionsSpec.swift */; settings = {ASSET_TAGS = (); }; };
		DC5220CA1BEA32AA00F37F2A /* NSURLRequestExtensionsSpec.swift in Sources */ = {isa = PBXBuildFile; fileRef = DC5220641BEA320B00F37F2A /* NSURLRequestExtensionsSpec.swift */; settings = {ASSET_TAGS = (); }; };
		DC5220CB1BEA32AA00F37F2A /* OAuthAccessTokenKeychainStoreSpec.swift in Sources */ = {isa = PBXBuildFile; fileRef = DC5220651BEA320B00F37F2A /* OAuthAccessTokenKeychainStoreSpec.swift */; settings = {ASSET_TAGS = (); }; };
		DC5220CC1BEA32AA00F37F2A /* OAuthAccessTokenSpec.swift in Sources */ = {isa = PBXBuildFile; fileRef = DC5220661BEA320B00F37F2A /* OAuthAccessTokenSpec.swift */; settings = {ASSET_TAGS = (); }; };
		DC5220CD1BEA32AF00F37F2A /* Heimdallr+ReactiveCocoaSpec.swift in Sources */ = {isa = PBXBuildFile; fileRef = DC52206B1BEA320B00F37F2A /* Heimdallr+ReactiveCocoaSpec.swift */; settings = {ASSET_TAGS = (); }; };
		DC5220CE1BEA32AF00F37F2A /* Heimdallr+ReactiveCocoaSpec.swift in Sources */ = {isa = PBXBuildFile; fileRef = DC52206B1BEA320B00F37F2A /* Heimdallr+ReactiveCocoaSpec.swift */; settings = {ASSET_TAGS = (); }; };
		DC545DCE1A89F0F10051A575 /* Heimdallr.framework in Frameworks */ = {isa = PBXBuildFile; fileRef = DC545DC21A89F0F10051A575 /* Heimdallr.framework */; };
		DC582F4D1BE1319F0017BE06 /* Heimdallr.framework in Frameworks */ = {isa = PBXBuildFile; fileRef = DC582F431BE1319F0017BE06 /* Heimdallr.framework */; };
		DC582F9C1BE135670017BE06 /* Argo.framework in Frameworks */ = {isa = PBXBuildFile; fileRef = DC582F771BE134DA0017BE06 /* Argo.framework */; };
		DC582F9D1BE135670017BE06 /* KeychainAccess.framework in Frameworks */ = {isa = PBXBuildFile; fileRef = DC582F7B1BE134DA0017BE06 /* KeychainAccess.framework */; };
		DC582F9E1BE135670017BE06 /* Result.framework in Frameworks */ = {isa = PBXBuildFile; fileRef = DC582F851BE134DA0017BE06 /* Result.framework */; };
		DC582F9F1BE135830017BE06 /* Argo.framework in CopyFiles */ = {isa = PBXBuildFile; fileRef = DC582F771BE134DA0017BE06 /* Argo.framework */; settings = {ATTRIBUTES = (CodeSignOnCopy, RemoveHeadersOnCopy, ); }; };
		DC582FA01BE135830017BE06 /* KeychainAccess.framework in CopyFiles */ = {isa = PBXBuildFile; fileRef = DC582F7B1BE134DA0017BE06 /* KeychainAccess.framework */; settings = {ATTRIBUTES = (CodeSignOnCopy, RemoveHeadersOnCopy, ); }; };
		DC582FA11BE135830017BE06 /* Result.framework in CopyFiles */ = {isa = PBXBuildFile; fileRef = DC582F851BE134DA0017BE06 /* Result.framework */; settings = {ATTRIBUTES = (CodeSignOnCopy, RemoveHeadersOnCopy, ); }; };
		DC582FA21BE135890017BE06 /* Argo.framework in Frameworks */ = {isa = PBXBuildFile; fileRef = DC582F771BE134DA0017BE06 /* Argo.framework */; };
		DC582FA31BE135890017BE06 /* KeychainAccess.framework in Frameworks */ = {isa = PBXBuildFile; fileRef = DC582F7B1BE134DA0017BE06 /* KeychainAccess.framework */; };
		DC582FA41BE135890017BE06 /* Result.framework in Frameworks */ = {isa = PBXBuildFile; fileRef = DC582F851BE134DA0017BE06 /* Result.framework */; };
		DC582FA51BE135A60017BE06 /* Nimble.framework in Frameworks */ = {isa = PBXBuildFile; fileRef = DC582F7D1BE134DA0017BE06 /* Nimble.framework */; };
		DC582FA61BE135A60017BE06 /* OHHTTPStubs.framework in Frameworks */ = {isa = PBXBuildFile; fileRef = DC582F7F1BE134DA0017BE06 /* OHHTTPStubs.framework */; };
		DC582FA71BE135A60017BE06 /* Quick.framework in Frameworks */ = {isa = PBXBuildFile; fileRef = DC582F811BE134DA0017BE06 /* Quick.framework */; };
		DC582FA81BE135AB0017BE06 /* Nimble.framework in CopyFiles */ = {isa = PBXBuildFile; fileRef = DC582F7D1BE134DA0017BE06 /* Nimble.framework */; settings = {ATTRIBUTES = (CodeSignOnCopy, RemoveHeadersOnCopy, ); }; };
		DC582FA91BE135AB0017BE06 /* OHHTTPStubs.framework in CopyFiles */ = {isa = PBXBuildFile; fileRef = DC582F7F1BE134DA0017BE06 /* OHHTTPStubs.framework */; settings = {ATTRIBUTES = (CodeSignOnCopy, RemoveHeadersOnCopy, ); }; };
		DC582FAA1BE135AB0017BE06 /* Quick.framework in CopyFiles */ = {isa = PBXBuildFile; fileRef = DC582F811BE134DA0017BE06 /* Quick.framework */; settings = {ATTRIBUTES = (CodeSignOnCopy, RemoveHeadersOnCopy, ); }; };
		DC582FAB1BE135B90017BE06 /* Argo.framework in Frameworks */ = {isa = PBXBuildFile; fileRef = DC582F881BE134DA0017BE06 /* Argo.framework */; };
		DC582FAC1BE135B90017BE06 /* KeychainAccess.framework in Frameworks */ = {isa = PBXBuildFile; fileRef = DC582F8A1BE134DA0017BE06 /* KeychainAccess.framework */; };
		DC582FAD1BE135B90017BE06 /* Result.framework in Frameworks */ = {isa = PBXBuildFile; fileRef = DC582F941BE134DA0017BE06 /* Result.framework */; };
		DC582FAE1BE135C40017BE06 /* Argo.framework in Frameworks */ = {isa = PBXBuildFile; fileRef = DC582F881BE134DA0017BE06 /* Argo.framework */; };
		DC582FAF1BE135C40017BE06 /* KeychainAccess.framework in Frameworks */ = {isa = PBXBuildFile; fileRef = DC582F8A1BE134DA0017BE06 /* KeychainAccess.framework */; };
		DC582FB01BE135C40017BE06 /* Result.framework in Frameworks */ = {isa = PBXBuildFile; fileRef = DC582F941BE134DA0017BE06 /* Result.framework */; };
		DC582FB11BE135C40017BE06 /* Nimble.framework in Frameworks */ = {isa = PBXBuildFile; fileRef = DC582F8C1BE134DA0017BE06 /* Nimble.framework */; };
		DC582FB21BE135C40017BE06 /* OHHTTPStubs.framework in Frameworks */ = {isa = PBXBuildFile; fileRef = DC582F8E1BE134DA0017BE06 /* OHHTTPStubs.framework */; };
		DC582FB31BE135C40017BE06 /* Quick.framework in Frameworks */ = {isa = PBXBuildFile; fileRef = DC582F901BE134DA0017BE06 /* Quick.framework */; };
		DC582FB51BE135E90017BE06 /* Argo.framework in CopyFiles */ = {isa = PBXBuildFile; fileRef = DC582F881BE134DA0017BE06 /* Argo.framework */; settings = {ATTRIBUTES = (CodeSignOnCopy, RemoveHeadersOnCopy, ); }; };
		DC582FB61BE135E90017BE06 /* KeychainAccess.framework in CopyFiles */ = {isa = PBXBuildFile; fileRef = DC582F8A1BE134DA0017BE06 /* KeychainAccess.framework */; settings = {ATTRIBUTES = (CodeSignOnCopy, RemoveHeadersOnCopy, ); }; };
		DC582FB71BE135ED0017BE06 /* Nimble.framework in CopyFiles */ = {isa = PBXBuildFile; fileRef = DC582F8C1BE134DA0017BE06 /* Nimble.framework */; settings = {ATTRIBUTES = (CodeSignOnCopy, RemoveHeadersOnCopy, ); }; };
		DC582FB81BE135ED0017BE06 /* OHHTTPStubs.framework in CopyFiles */ = {isa = PBXBuildFile; fileRef = DC582F8E1BE134DA0017BE06 /* OHHTTPStubs.framework */; settings = {ATTRIBUTES = (CodeSignOnCopy, RemoveHeadersOnCopy, ); }; };
		DC582FB91BE135ED0017BE06 /* Quick.framework in CopyFiles */ = {isa = PBXBuildFile; fileRef = DC582F901BE134DA0017BE06 /* Quick.framework */; settings = {ATTRIBUTES = (CodeSignOnCopy, RemoveHeadersOnCopy, ); }; };
		DC582FBA1BE135F10017BE06 /* Result.framework in CopyFiles */ = {isa = PBXBuildFile; fileRef = DC582F941BE134DA0017BE06 /* Result.framework */; settings = {ATTRIBUTES = (CodeSignOnCopy, RemoveHeadersOnCopy, ); }; };
		DC582FCA1BE13EB30017BE06 /* ReactiveHeimdallr.framework in Frameworks */ = {isa = PBXBuildFile; fileRef = DC582FC01BE13EB20017BE06 /* ReactiveHeimdallr.framework */; };
		DC582FDB1BE1453F0017BE06 /* ReactiveCocoa.framework in Frameworks */ = {isa = PBXBuildFile; fileRef = DC582F831BE134DA0017BE06 /* ReactiveCocoa.framework */; };
		DC582FDC1BE1455B0017BE06 /* Argo.framework in Frameworks */ = {isa = PBXBuildFile; fileRef = DC582F771BE134DA0017BE06 /* Argo.framework */; };
		DC582FDD1BE1455B0017BE06 /* KeychainAccess.framework in Frameworks */ = {isa = PBXBuildFile; fileRef = DC582F7B1BE134DA0017BE06 /* KeychainAccess.framework */; };
		DC582FDE1BE1455B0017BE06 /* Result.framework in Frameworks */ = {isa = PBXBuildFile; fileRef = DC582F851BE134DA0017BE06 /* Result.framework */; };
		DC582FDF1BE145660017BE06 /* Nimble.framework in Frameworks */ = {isa = PBXBuildFile; fileRef = DC582F7D1BE134DA0017BE06 /* Nimble.framework */; };
		DC582FE01BE145660017BE06 /* OHHTTPStubs.framework in Frameworks */ = {isa = PBXBuildFile; fileRef = DC582F7F1BE134DA0017BE06 /* OHHTTPStubs.framework */; };
		DC582FE11BE145660017BE06 /* Quick.framework in Frameworks */ = {isa = PBXBuildFile; fileRef = DC582F811BE134DA0017BE06 /* Quick.framework */; };
		DC582FE31BE145730017BE06 /* Argo.framework in CopyFiles */ = {isa = PBXBuildFile; fileRef = DC582F771BE134DA0017BE06 /* Argo.framework */; settings = {ATTRIBUTES = (CodeSignOnCopy, RemoveHeadersOnCopy, ); }; };
		DC582FE41BE145730017BE06 /* KeychainAccess.framework in CopyFiles */ = {isa = PBXBuildFile; fileRef = DC582F7B1BE134DA0017BE06 /* KeychainAccess.framework */; settings = {ATTRIBUTES = (CodeSignOnCopy, RemoveHeadersOnCopy, ); }; };
		DC582FE51BE145730017BE06 /* Result.framework in CopyFiles */ = {isa = PBXBuildFile; fileRef = DC582F851BE134DA0017BE06 /* Result.framework */; settings = {ATTRIBUTES = (CodeSignOnCopy, RemoveHeadersOnCopy, ); }; };
		DC582FE61BE145760017BE06 /* ReactiveCocoa.framework in CopyFiles */ = {isa = PBXBuildFile; fileRef = DC582F831BE134DA0017BE06 /* ReactiveCocoa.framework */; settings = {ATTRIBUTES = (CodeSignOnCopy, RemoveHeadersOnCopy, ); }; };
		DC582FE71BE1457A0017BE06 /* Nimble.framework in CopyFiles */ = {isa = PBXBuildFile; fileRef = DC582F7D1BE134DA0017BE06 /* Nimble.framework */; settings = {ATTRIBUTES = (CodeSignOnCopy, RemoveHeadersOnCopy, ); }; };
		DC582FE81BE1457A0017BE06 /* OHHTTPStubs.framework in CopyFiles */ = {isa = PBXBuildFile; fileRef = DC582F7F1BE134DA0017BE06 /* OHHTTPStubs.framework */; settings = {ATTRIBUTES = (CodeSignOnCopy, RemoveHeadersOnCopy, ); }; };
		DC582FE91BE1457A0017BE06 /* Quick.framework in CopyFiles */ = {isa = PBXBuildFile; fileRef = DC582F811BE134DA0017BE06 /* Quick.framework */; settings = {ATTRIBUTES = (CodeSignOnCopy, RemoveHeadersOnCopy, ); }; };
		DC582FFF1BE148610017BE06 /* ReactiveHeimdallr.framework in Frameworks */ = {isa = PBXBuildFile; fileRef = DC582FF51BE148610017BE06 /* ReactiveHeimdallr.framework */; };
		DC58300F1BE149E60017BE06 /* ReactiveCocoa.framework in Frameworks */ = {isa = PBXBuildFile; fileRef = DC582F921BE134DA0017BE06 /* ReactiveCocoa.framework */; };
		DC5830121BE14A0E0017BE06 /* Argo.framework in Frameworks */ = {isa = PBXBuildFile; fileRef = DC582F881BE134DA0017BE06 /* Argo.framework */; };
		DC5830131BE14A0E0017BE06 /* KeychainAccess.framework in Frameworks */ = {isa = PBXBuildFile; fileRef = DC582F8A1BE134DA0017BE06 /* KeychainAccess.framework */; };
		DC5830141BE14A110017BE06 /* Result.framework in Frameworks */ = {isa = PBXBuildFile; fileRef = DC582F941BE134DA0017BE06 /* Result.framework */; };
		DC5830151BE14A160017BE06 /* Nimble.framework in Frameworks */ = {isa = PBXBuildFile; fileRef = DC582F8C1BE134DA0017BE06 /* Nimble.framework */; };
		DC5830161BE14A160017BE06 /* OHHTTPStubs.framework in Frameworks */ = {isa = PBXBuildFile; fileRef = DC582F8E1BE134DA0017BE06 /* OHHTTPStubs.framework */; };
		DC5830171BE14A160017BE06 /* Quick.framework in Frameworks */ = {isa = PBXBuildFile; fileRef = DC582F901BE134DA0017BE06 /* Quick.framework */; };
		DC5830191BE14A220017BE06 /* Nimble.framework in CopyFiles */ = {isa = PBXBuildFile; fileRef = DC582F8C1BE134DA0017BE06 /* Nimble.framework */; settings = {ATTRIBUTES = (CodeSignOnCopy, RemoveHeadersOnCopy, ); }; };
		DC58301A1BE14A220017BE06 /* OHHTTPStubs.framework in CopyFiles */ = {isa = PBXBuildFile; fileRef = DC582F8E1BE134DA0017BE06 /* OHHTTPStubs.framework */; settings = {ATTRIBUTES = (CodeSignOnCopy, RemoveHeadersOnCopy, ); }; };
		DC58301B1BE14A220017BE06 /* Quick.framework in CopyFiles */ = {isa = PBXBuildFile; fileRef = DC582F901BE134DA0017BE06 /* Quick.framework */; settings = {ATTRIBUTES = (CodeSignOnCopy, RemoveHeadersOnCopy, ); }; };
		DC58301C1BE14A270017BE06 /* Argo.framework in CopyFiles */ = {isa = PBXBuildFile; fileRef = DC582F881BE134DA0017BE06 /* Argo.framework */; settings = {ATTRIBUTES = (CodeSignOnCopy, RemoveHeadersOnCopy, ); }; };
		DC58301D1BE14A270017BE06 /* KeychainAccess.framework in CopyFiles */ = {isa = PBXBuildFile; fileRef = DC582F8A1BE134DA0017BE06 /* KeychainAccess.framework */; settings = {ATTRIBUTES = (CodeSignOnCopy, RemoveHeadersOnCopy, ); }; };
		DC58301E1BE14A2B0017BE06 /* ReactiveCocoa.framework in CopyFiles */ = {isa = PBXBuildFile; fileRef = DC582F921BE134DA0017BE06 /* ReactiveCocoa.framework */; settings = {ATTRIBUTES = (CodeSignOnCopy, RemoveHeadersOnCopy, ); }; };
		DC58301F1BE14A2F0017BE06 /* Result.framework in CopyFiles */ = {isa = PBXBuildFile; fileRef = DC582F941BE134DA0017BE06 /* Result.framework */; settings = {ATTRIBUTES = (CodeSignOnCopy, RemoveHeadersOnCopy, ); }; };
/* End PBXBuildFile section */

/* Begin PBXContainerItemProxy section */
		DC545DCF1A89F0F10051A575 /* PBXContainerItemProxy */ = {
			isa = PBXContainerItemProxy;
			containerPortal = DC545DB91A89F0F10051A575 /* Project object */;
			proxyType = 1;
			remoteGlobalIDString = DC545DC11A89F0F10051A575;
			remoteInfo = "oauth-swift";
		};
		DC582F4E1BE1319F0017BE06 /* PBXContainerItemProxy */ = {
			isa = PBXContainerItemProxy;
			containerPortal = DC545DB91A89F0F10051A575 /* Project object */;
			proxyType = 1;
			remoteGlobalIDString = DC582F421BE1319F0017BE06;
			remoteInfo = "Heimdallr-Mac";
		};
		DC582FCB1BE13EB30017BE06 /* PBXContainerItemProxy */ = {
			isa = PBXContainerItemProxy;
			containerPortal = DC545DB91A89F0F10051A575 /* Project object */;
			proxyType = 1;
			remoteGlobalIDString = DC582FBF1BE13EB20017BE06;
			remoteInfo = ReactiveHeimdallr;
		};
		DC5830001BE148610017BE06 /* PBXContainerItemProxy */ = {
			isa = PBXContainerItemProxy;
			containerPortal = DC545DB91A89F0F10051A575 /* Project object */;
			proxyType = 1;
			remoteGlobalIDString = DC582FF41BE148610017BE06;
			remoteInfo = "ReactiveHeimdallr-Mac";
		};
/* End PBXContainerItemProxy section */

/* Begin PBXCopyFilesBuildPhase section */
		DC582FB41BE135D80017BE06 /* CopyFiles */ = {
			isa = PBXCopyFilesBuildPhase;
			buildActionMask = 2147483647;
			dstPath = "";
			dstSubfolderSpec = 10;
			files = (
				DC582FB51BE135E90017BE06 /* Argo.framework in CopyFiles */,
				DC582FB61BE135E90017BE06 /* KeychainAccess.framework in CopyFiles */,
				DC582FB71BE135ED0017BE06 /* Nimble.framework in CopyFiles */,
				DC582FB81BE135ED0017BE06 /* OHHTTPStubs.framework in CopyFiles */,
				DC582FB91BE135ED0017BE06 /* Quick.framework in CopyFiles */,
				DC582FBA1BE135F10017BE06 /* Result.framework in CopyFiles */,
			);
			runOnlyForDeploymentPostprocessing = 0;
		};
		DC582FE21BE1456B0017BE06 /* CopyFiles */ = {
			isa = PBXCopyFilesBuildPhase;
			buildActionMask = 2147483647;
			dstPath = "";
			dstSubfolderSpec = 10;
			files = (
				DC582FE31BE145730017BE06 /* Argo.framework in CopyFiles */,
				DC582FE41BE145730017BE06 /* KeychainAccess.framework in CopyFiles */,
				DC582FE71BE1457A0017BE06 /* Nimble.framework in CopyFiles */,
				DC582FE81BE1457A0017BE06 /* OHHTTPStubs.framework in CopyFiles */,
				DC582FE91BE1457A0017BE06 /* Quick.framework in CopyFiles */,
				DC582FE61BE145760017BE06 /* ReactiveCocoa.framework in CopyFiles */,
				DC582FE51BE145730017BE06 /* Result.framework in CopyFiles */,
			);
			runOnlyForDeploymentPostprocessing = 0;
		};
		DC5830181BE14A190017BE06 /* CopyFiles */ = {
			isa = PBXCopyFilesBuildPhase;
			buildActionMask = 2147483647;
			dstPath = "";
			dstSubfolderSpec = 10;
			files = (
				DC58301C1BE14A270017BE06 /* Argo.framework in CopyFiles */,
				DC58301D1BE14A270017BE06 /* KeychainAccess.framework in CopyFiles */,
				DC5830191BE14A220017BE06 /* Nimble.framework in CopyFiles */,
				DC58301A1BE14A220017BE06 /* OHHTTPStubs.framework in CopyFiles */,
				DC58301B1BE14A220017BE06 /* Quick.framework in CopyFiles */,
				DC58301E1BE14A2B0017BE06 /* ReactiveCocoa.framework in CopyFiles */,
				DC58301F1BE14A2F0017BE06 /* Result.framework in CopyFiles */,
			);
			runOnlyForDeploymentPostprocessing = 0;
		};
		DCD6C1491B17545B00BD66CB /* CopyFiles */ = {
			isa = PBXCopyFilesBuildPhase;
			buildActionMask = 2147483647;
			dstPath = "";
			dstSubfolderSpec = 10;
			files = (
				DC582F9F1BE135830017BE06 /* Argo.framework in CopyFiles */,
				DC582FA01BE135830017BE06 /* KeychainAccess.framework in CopyFiles */,
				DC582FA81BE135AB0017BE06 /* Nimble.framework in CopyFiles */,
				DC582FA91BE135AB0017BE06 /* OHHTTPStubs.framework in CopyFiles */,
				DC582FAA1BE135AB0017BE06 /* Quick.framework in CopyFiles */,
				DC582FA11BE135830017BE06 /* Result.framework in CopyFiles */,
			);
			runOnlyForDeploymentPostprocessing = 0;
		};
/* End PBXCopyFilesBuildPhase section */

/* Begin PBXFileReference section */
		DC5220471BEA320B00F37F2A /* Heimdallr.swift */ = {isa = PBXFileReference; lastKnownFileType = sourcecode.swift; path = Heimdallr.swift; sourceTree = "<group>"; };
		DC5220481BEA320B00F37F2A /* HeimdallrHTTPClient.swift */ = {isa = PBXFileReference; lastKnownFileType = sourcecode.swift; path = HeimdallrHTTPClient.swift; sourceTree = "<group>"; };
		DC5220491BEA320B00F37F2A /* HeimdallrHTTPClientNSURLSession.swift */ = {isa = PBXFileReference; lastKnownFileType = sourcecode.swift; path = HeimdallrHTTPClientNSURLSession.swift; sourceTree = "<group>"; };
		DC52204A1BEA320B00F37F2A /* HeimdallrResourceRequestAuthenticator.swift */ = {isa = PBXFileReference; lastKnownFileType = sourcecode.swift; path = HeimdallrResourceRequestAuthenticator.swift; sourceTree = "<group>"; };
		DC52204B1BEA320B00F37F2A /* HeimdallrResourceRequestAuthenticatorHTTPAuthorizationHeader.swift */ = {isa = PBXFileReference; lastKnownFileType = sourcecode.swift; path = HeimdallrResourceRequestAuthenticatorHTTPAuthorizationHeader.swift; sourceTree = "<group>"; };
		DC52204C1BEA320B00F37F2A /* NSDateExtensions.swift */ = {isa = PBXFileReference; lastKnownFileType = sourcecode.swift; path = NSDateExtensions.swift; sourceTree = "<group>"; };
		DC52204D1BEA320B00F37F2A /* NSURLRequestExtensions.swift */ = {isa = PBXFileReference; lastKnownFileType = sourcecode.swift; path = NSURLRequestExtensions.swift; sourceTree = "<group>"; };
		DC52204E1BEA320B00F37F2A /* OAuthAccessToken.swift */ = {isa = PBXFileReference; lastKnownFileType = sourcecode.swift; path = OAuthAccessToken.swift; sourceTree = "<group>"; };
		DC52204F1BEA320B00F37F2A /* OAuthAccessTokenKeychainStore.swift */ = {isa = PBXFileReference; lastKnownFileType = sourcecode.swift; path = OAuthAccessTokenKeychainStore.swift; sourceTree = "<group>"; };
		DC5220501BEA320B00F37F2A /* OAuthAccessTokenStore.swift */ = {isa = PBXFileReference; lastKnownFileType = sourcecode.swift; path = OAuthAccessTokenStore.swift; sourceTree = "<group>"; };
		DC5220511BEA320B00F37F2A /* OAuthAuthorizationGrant.swift */ = {isa = PBXFileReference; lastKnownFileType = sourcecode.swift; path = OAuthAuthorizationGrant.swift; sourceTree = "<group>"; };
		DC5220521BEA320B00F37F2A /* OAuthClientCredentials.swift */ = {isa = PBXFileReference; lastKnownFileType = sourcecode.swift; path = OAuthClientCredentials.swift; sourceTree = "<group>"; };
		DC5220531BEA320B00F37F2A /* OAuthError.swift */ = {isa = PBXFileReference; lastKnownFileType = sourcecode.swift; path = OAuthError.swift; sourceTree = "<group>"; };
		DC5220551BEA320B00F37F2A /* Heimdallr+ReactiveCocoa.swift */ = {isa = PBXFileReference; lastKnownFileType = sourcecode.swift; path = "Heimdallr+ReactiveCocoa.swift"; sourceTree = "<group>"; };
		DC5220571BEA320B00F37F2A /* Heimdallr.h */ = {isa = PBXFileReference; lastKnownFileType = sourcecode.c.h; path = Heimdallr.h; sourceTree = "<group>"; };
		DC5220581BEA320B00F37F2A /* Info.plist */ = {isa = PBXFileReference; lastKnownFileType = text.plist.xml; path = Info.plist; sourceTree = "<group>"; };
		DC5220591BEA320B00F37F2A /* ReactiveHeimdallr.h */ = {isa = PBXFileReference; lastKnownFileType = sourcecode.c.h; path = ReactiveHeimdallr.h; sourceTree = "<group>"; };
		DC5220611BEA320B00F37F2A /* HeimdallrResourceRequestAuthenticatorHTTPAuthorizationHeaderSpec.swift */ = {isa = PBXFileReference; lastKnownFileType = sourcecode.swift; path = HeimdallrResourceRequestAuthenticatorHTTPAuthorizationHeaderSpec.swift; sourceTree = "<group>"; };
		DC5220621BEA320B00F37F2A /* HeimdallrSpec.swift */ = {isa = PBXFileReference; lastKnownFileType = sourcecode.swift; path = HeimdallrSpec.swift; sourceTree = "<group>"; };
		DC5220631BEA320B00F37F2A /* NSDateExtensionsSpec.swift */ = {isa = PBXFileReference; lastKnownFileType = sourcecode.swift; path = NSDateExtensionsSpec.swift; sourceTree = "<group>"; };
		DC5220641BEA320B00F37F2A /* NSURLRequestExtensionsSpec.swift */ = {isa = PBXFileReference; lastKnownFileType = sourcecode.swift; path = NSURLRequestExtensionsSpec.swift; sourceTree = "<group>"; };
		DC5220651BEA320B00F37F2A /* OAuthAccessTokenKeychainStoreSpec.swift */ = {isa = PBXFileReference; lastKnownFileType = sourcecode.swift; path = OAuthAccessTokenKeychainStoreSpec.swift; sourceTree = "<group>"; };
		DC5220661BEA320B00F37F2A /* OAuthAccessTokenSpec.swift */ = {isa = PBXFileReference; lastKnownFileType = sourcecode.swift; path = OAuthAccessTokenSpec.swift; sourceTree = "<group>"; };
		DC52206B1BEA320B00F37F2A /* Heimdallr+ReactiveCocoaSpec.swift */ = {isa = PBXFileReference; lastKnownFileType = sourcecode.swift; path = "Heimdallr+ReactiveCocoaSpec.swift"; sourceTree = "<group>"; };
		DC52206D1BEA320B00F37F2A /* Info.plist */ = {isa = PBXFileReference; lastKnownFileType = text.plist.xml; path = Info.plist; sourceTree = "<group>"; };
		DC5220A91BEA32A000F37F2A /* authorize-error.json */ = {isa = PBXFileReference; fileEncoding = 4; lastKnownFileType = text.json; path = "authorize-error.json"; sourceTree = "<group>"; };
		DC5220AA1BEA32A000F37F2A /* authorize-invalid-token.json */ = {isa = PBXFileReference; fileEncoding = 4; lastKnownFileType = text.json; path = "authorize-invalid-token.json"; sourceTree = "<group>"; };
		DC5220AB1BEA32A000F37F2A /* authorize-invalid-type.json */ = {isa = PBXFileReference; fileEncoding = 4; lastKnownFileType = text.json; path = "authorize-invalid-type.json"; sourceTree = "<group>"; };
		DC5220AC1BEA32A000F37F2A /* authorize-invalid.json */ = {isa = PBXFileReference; fileEncoding = 4; lastKnownFileType = text.json; path = "authorize-invalid.json"; sourceTree = "<group>"; };
		DC5220AD1BEA32A000F37F2A /* authorize-valid.json */ = {isa = PBXFileReference; fileEncoding = 4; lastKnownFileType = text.json; path = "authorize-valid.json"; sourceTree = "<group>"; };
		DC5220AE1BEA32A000F37F2A /* request-invalid-norefresh.json */ = {isa = PBXFileReference; fileEncoding = 4; lastKnownFileType = text.json; path = "request-invalid-norefresh.json"; sourceTree = "<group>"; };
		DC5220AF1BEA32A000F37F2A /* request-invalid.json */ = {isa = PBXFileReference; fileEncoding = 4; lastKnownFileType = text.json; path = "request-invalid.json"; sourceTree = "<group>"; };
		DC5220B01BEA32A000F37F2A /* request-valid.json */ = {isa = PBXFileReference; fileEncoding = 4; lastKnownFileType = text.json; path = "request-valid.json"; sourceTree = "<group>"; };
		DC545DC21A89F0F10051A575 /* Heimdallr.framework */ = {isa = PBXFileReference; explicitFileType = wrapper.framework; includeInIndex = 0; path = Heimdallr.framework; sourceTree = BUILT_PRODUCTS_DIR; };
		DC545DCD1A89F0F10051A575 /* HeimdallrTests.xctest */ = {isa = PBXFileReference; explicitFileType = wrapper.cfbundle; includeInIndex = 0; path = HeimdallrTests.xctest; sourceTree = BUILT_PRODUCTS_DIR; };
		DC582F431BE1319F0017BE06 /* Heimdallr.framework */ = {isa = PBXFileReference; explicitFileType = wrapper.framework; includeInIndex = 0; path = Heimdallr.framework; sourceTree = BUILT_PRODUCTS_DIR; };
		DC582F4C1BE1319F0017BE06 /* HeimdallrTests.xctest */ = {isa = PBXFileReference; explicitFileType = wrapper.cfbundle; includeInIndex = 0; path = HeimdallrTests.xctest; sourceTree = BUILT_PRODUCTS_DIR; };
		DC582F771BE134DA0017BE06 /* Argo.framework */ = {isa = PBXFileReference; lastKnownFileType = wrapper.framework; path = Argo.framework; sourceTree = "<group>"; };
		DC582F7B1BE134DA0017BE06 /* KeychainAccess.framework */ = {isa = PBXFileReference; lastKnownFileType = wrapper.framework; path = KeychainAccess.framework; sourceTree = "<group>"; };
		DC582F7D1BE134DA0017BE06 /* Nimble.framework */ = {isa = PBXFileReference; lastKnownFileType = wrapper.framework; path = Nimble.framework; sourceTree = "<group>"; };
		DC582F7F1BE134DA0017BE06 /* OHHTTPStubs.framework */ = {isa = PBXFileReference; lastKnownFileType = wrapper.framework; path = OHHTTPStubs.framework; sourceTree = "<group>"; };
		DC582F811BE134DA0017BE06 /* Quick.framework */ = {isa = PBXFileReference; lastKnownFileType = wrapper.framework; path = Quick.framework; sourceTree = "<group>"; };
		DC582F831BE134DA0017BE06 /* ReactiveCocoa.framework */ = {isa = PBXFileReference; lastKnownFileType = wrapper.framework; path = ReactiveCocoa.framework; sourceTree = "<group>"; };
		DC582F851BE134DA0017BE06 /* Result.framework */ = {isa = PBXFileReference; lastKnownFileType = wrapper.framework; path = Result.framework; sourceTree = "<group>"; };
		DC582F881BE134DA0017BE06 /* Argo.framework */ = {isa = PBXFileReference; lastKnownFileType = wrapper.framework; path = Argo.framework; sourceTree = "<group>"; };
		DC582F8A1BE134DA0017BE06 /* KeychainAccess.framework */ = {isa = PBXFileReference; lastKnownFileType = wrapper.framework; path = KeychainAccess.framework; sourceTree = "<group>"; };
		DC582F8C1BE134DA0017BE06 /* Nimble.framework */ = {isa = PBXFileReference; lastKnownFileType = wrapper.framework; path = Nimble.framework; sourceTree = "<group>"; };
		DC582F8E1BE134DA0017BE06 /* OHHTTPStubs.framework */ = {isa = PBXFileReference; lastKnownFileType = wrapper.framework; path = OHHTTPStubs.framework; sourceTree = "<group>"; };
		DC582F901BE134DA0017BE06 /* Quick.framework */ = {isa = PBXFileReference; lastKnownFileType = wrapper.framework; path = Quick.framework; sourceTree = "<group>"; };
		DC582F921BE134DA0017BE06 /* ReactiveCocoa.framework */ = {isa = PBXFileReference; lastKnownFileType = wrapper.framework; path = ReactiveCocoa.framework; sourceTree = "<group>"; };
		DC582F941BE134DA0017BE06 /* Result.framework */ = {isa = PBXFileReference; lastKnownFileType = wrapper.framework; path = Result.framework; sourceTree = "<group>"; };
		DC582FC01BE13EB20017BE06 /* ReactiveHeimdallr.framework */ = {isa = PBXFileReference; explicitFileType = wrapper.framework; includeInIndex = 0; path = ReactiveHeimdallr.framework; sourceTree = BUILT_PRODUCTS_DIR; };
		DC582FC91BE13EB30017BE06 /* ReactiveHeimdallrTests.xctest */ = {isa = PBXFileReference; explicitFileType = wrapper.cfbundle; includeInIndex = 0; path = ReactiveHeimdallrTests.xctest; sourceTree = BUILT_PRODUCTS_DIR; };
		DC582FF51BE148610017BE06 /* ReactiveHeimdallr.framework */ = {isa = PBXFileReference; explicitFileType = wrapper.framework; includeInIndex = 0; path = ReactiveHeimdallr.framework; sourceTree = BUILT_PRODUCTS_DIR; };
		DC582FFE1BE148610017BE06 /* ReactiveHeimdallrTests.xctest */ = {isa = PBXFileReference; explicitFileType = wrapper.cfbundle; includeInIndex = 0; path = ReactiveHeimdallrTests.xctest; sourceTree = BUILT_PRODUCTS_DIR; };
/* End PBXFileReference section */

/* Begin PBXFrameworksBuildPhase section */
		DC545DBE1A89F0F10051A575 /* Frameworks */ = {
			isa = PBXFrameworksBuildPhase;
			buildActionMask = 2147483647;
			files = (
				DC582F9C1BE135670017BE06 /* Argo.framework in Frameworks */,
				DC582F9D1BE135670017BE06 /* KeychainAccess.framework in Frameworks */,
				DC582F9E1BE135670017BE06 /* Result.framework in Frameworks */,
			);
			runOnlyForDeploymentPostprocessing = 0;
		};
		DC545DCA1A89F0F10051A575 /* Frameworks */ = {
			isa = PBXFrameworksBuildPhase;
			buildActionMask = 2147483647;
			files = (
				DC582FA21BE135890017BE06 /* Argo.framework in Frameworks */,
				DC545DCE1A89F0F10051A575 /* Heimdallr.framework in Frameworks */,
				DC582FA31BE135890017BE06 /* KeychainAccess.framework in Frameworks */,
				DC582FA51BE135A60017BE06 /* Nimble.framework in Frameworks */,
				DC582FA61BE135A60017BE06 /* OHHTTPStubs.framework in Frameworks */,
				DC582FA71BE135A60017BE06 /* Quick.framework in Frameworks */,
				DC582FA41BE135890017BE06 /* Result.framework in Frameworks */,
			);
			runOnlyForDeploymentPostprocessing = 0;
		};
		DC582F3F1BE1319F0017BE06 /* Frameworks */ = {
			isa = PBXFrameworksBuildPhase;
			buildActionMask = 2147483647;
			files = (
				DC582FAB1BE135B90017BE06 /* Argo.framework in Frameworks */,
				DC582FAC1BE135B90017BE06 /* KeychainAccess.framework in Frameworks */,
				DC582FAD1BE135B90017BE06 /* Result.framework in Frameworks */,
			);
			runOnlyForDeploymentPostprocessing = 0;
		};
		DC582F491BE1319F0017BE06 /* Frameworks */ = {
			isa = PBXFrameworksBuildPhase;
			buildActionMask = 2147483647;
			files = (
				DC582FAE1BE135C40017BE06 /* Argo.framework in Frameworks */,
				DC582F4D1BE1319F0017BE06 /* Heimdallr.framework in Frameworks */,
				DC582FAF1BE135C40017BE06 /* KeychainAccess.framework in Frameworks */,
				DC582FB11BE135C40017BE06 /* Nimble.framework in Frameworks */,
				DC582FB21BE135C40017BE06 /* OHHTTPStubs.framework in Frameworks */,
				DC582FB31BE135C40017BE06 /* Quick.framework in Frameworks */,
				DC582FB01BE135C40017BE06 /* Result.framework in Frameworks */,
			);
			runOnlyForDeploymentPostprocessing = 0;
		};
		DC582FBC1BE13EB20017BE06 /* Frameworks */ = {
			isa = PBXFrameworksBuildPhase;
			buildActionMask = 2147483647;
			files = (
				DC582FDB1BE1453F0017BE06 /* ReactiveCocoa.framework in Frameworks */,
			);
			runOnlyForDeploymentPostprocessing = 0;
		};
		DC582FC61BE13EB30017BE06 /* Frameworks */ = {
			isa = PBXFrameworksBuildPhase;
			buildActionMask = 2147483647;
			files = (
				DC582FDC1BE1455B0017BE06 /* Argo.framework in Frameworks */,
				DC582FDD1BE1455B0017BE06 /* KeychainAccess.framework in Frameworks */,
				DC582FDF1BE145660017BE06 /* Nimble.framework in Frameworks */,
				DC582FE01BE145660017BE06 /* OHHTTPStubs.framework in Frameworks */,
				DC582FE11BE145660017BE06 /* Quick.framework in Frameworks */,
				DC582FCA1BE13EB30017BE06 /* ReactiveHeimdallr.framework in Frameworks */,
				DC582FDE1BE1455B0017BE06 /* Result.framework in Frameworks */,
			);
			runOnlyForDeploymentPostprocessing = 0;
		};
		DC582FF11BE148610017BE06 /* Frameworks */ = {
			isa = PBXFrameworksBuildPhase;
			buildActionMask = 2147483647;
			files = (
				DC58300F1BE149E60017BE06 /* ReactiveCocoa.framework in Frameworks */,
			);
			runOnlyForDeploymentPostprocessing = 0;
		};
		DC582FFB1BE148610017BE06 /* Frameworks */ = {
			isa = PBXFrameworksBuildPhase;
			buildActionMask = 2147483647;
			files = (
				DC5830121BE14A0E0017BE06 /* Argo.framework in Frameworks */,
				DC5830131BE14A0E0017BE06 /* KeychainAccess.framework in Frameworks */,
				DC5830151BE14A160017BE06 /* Nimble.framework in Frameworks */,
				DC5830161BE14A160017BE06 /* OHHTTPStubs.framework in Frameworks */,
				DC5830171BE14A160017BE06 /* Quick.framework in Frameworks */,
				DC582FFF1BE148610017BE06 /* ReactiveHeimdallr.framework in Frameworks */,
				DC5830141BE14A110017BE06 /* Result.framework in Frameworks */,
			);
			runOnlyForDeploymentPostprocessing = 0;
		};
/* End PBXFrameworksBuildPhase section */

/* Begin PBXGroup section */
		DC336D671A93A76D002AE918 /* Frameworks */ = {
			isa = PBXGroup;
			children = (
				DC582F761BE134DA0017BE06 /* iOS */,
				DC582F871BE134DA0017BE06 /* Mac */,
			);
			name = Frameworks;
			sourceTree = "<group>";
		};
		DC5220451BEA320B00F37F2A /* Heimdallr */ = {
			isa = PBXGroup;
			children = (
				DC5220461BEA320B00F37F2A /* Core */,
				DC5220541BEA320B00F37F2A /* ReactiveCocoa */,
				DC5220561BEA320B00F37F2A /* Supporting Files */,
			);
			path = Heimdallr;
			sourceTree = "<group>";
		};
		DC5220461BEA320B00F37F2A /* Core */ = {
			isa = PBXGroup;
			children = (
				DC5220471BEA320B00F37F2A /* Heimdallr.swift */,
				DC5220481BEA320B00F37F2A /* HeimdallrHTTPClient.swift */,
				DC5220491BEA320B00F37F2A /* HeimdallrHTTPClientNSURLSession.swift */,
				DC52204A1BEA320B00F37F2A /* HeimdallrResourceRequestAuthenticator.swift */,
				DC52204B1BEA320B00F37F2A /* HeimdallrResourceRequestAuthenticatorHTTPAuthorizationHeader.swift */,
				DC52204C1BEA320B00F37F2A /* NSDateExtensions.swift */,
				DC52204D1BEA320B00F37F2A /* NSURLRequestExtensions.swift */,
				DC52204E1BEA320B00F37F2A /* OAuthAccessToken.swift */,
				DC52204F1BEA320B00F37F2A /* OAuthAccessTokenKeychainStore.swift */,
				DC5220501BEA320B00F37F2A /* OAuthAccessTokenStore.swift */,
				DC5220511BEA320B00F37F2A /* OAuthAuthorizationGrant.swift */,
				DC5220521BEA320B00F37F2A /* OAuthClientCredentials.swift */,
				DC5220531BEA320B00F37F2A /* OAuthError.swift */,
			);
			path = Core;
			sourceTree = "<group>";
		};
		DC5220541BEA320B00F37F2A /* ReactiveCocoa */ = {
			isa = PBXGroup;
			children = (
				DC5220551BEA320B00F37F2A /* Heimdallr+ReactiveCocoa.swift */,
			);
			path = ReactiveCocoa;
			sourceTree = "<group>";
		};
		DC5220561BEA320B00F37F2A /* Supporting Files */ = {
			isa = PBXGroup;
			children = (
				DC5220571BEA320B00F37F2A /* Heimdallr.h */,
				DC5220581BEA320B00F37F2A /* Info.plist */,
				DC5220591BEA320B00F37F2A /* ReactiveHeimdallr.h */,
			);
			path = "Supporting Files";
			sourceTree = "<group>";
		};
		DC52205A1BEA320B00F37F2A /* HeimdallrTests */ = {
			isa = PBXGroup;
			children = (
				DC52205B1BEA320B00F37F2A /* Core */,
				DC52206A1BEA320B00F37F2A /* ReactiveCocoa */,
				DC52206C1BEA320B00F37F2A /* Supporting Files */,
			);
			path = HeimdallrTests;
			sourceTree = "<group>";
		};
		DC52205B1BEA320B00F37F2A /* Core */ = {
			isa = PBXGroup;
			children = (
				DC5220611BEA320B00F37F2A /* HeimdallrResourceRequestAuthenticatorHTTPAuthorizationHeaderSpec.swift */,
				DC5220621BEA320B00F37F2A /* HeimdallrSpec.swift */,
				DC5220A81BEA32A000F37F2A /* JSON Responses */,
				DC5220631BEA320B00F37F2A /* NSDateExtensionsSpec.swift */,
				DC5220641BEA320B00F37F2A /* NSURLRequestExtensionsSpec.swift */,
				DC5220651BEA320B00F37F2A /* OAuthAccessTokenKeychainStoreSpec.swift */,
				DC5220661BEA320B00F37F2A /* OAuthAccessTokenSpec.swift */,
			);
			path = Core;
			sourceTree = "<group>";
		};
		DC52206A1BEA320B00F37F2A /* ReactiveCocoa */ = {
			isa = PBXGroup;
			children = (
				DC52206B1BEA320B00F37F2A /* Heimdallr+ReactiveCocoaSpec.swift */,
			);
			path = ReactiveCocoa;
			sourceTree = "<group>";
		};
		DC52206C1BEA320B00F37F2A /* Supporting Files */ = {
			isa = PBXGroup;
			children = (
				DC52206D1BEA320B00F37F2A /* Info.plist */,
			);
			path = "Supporting Files";
			sourceTree = "<group>";
		};
		DC5220A81BEA32A000F37F2A /* JSON Responses */ = {
			isa = PBXGroup;
			children = (
				DC5220A91BEA32A000F37F2A /* authorize-error.json */,
				DC5220AA1BEA32A000F37F2A /* authorize-invalid-token.json */,
				DC5220AB1BEA32A000F37F2A /* authorize-invalid-type.json */,
				DC5220AC1BEA32A000F37F2A /* authorize-invalid.json */,
				DC5220AD1BEA32A000F37F2A /* authorize-valid.json */,
				DC5220AE1BEA32A000F37F2A /* request-invalid-norefresh.json */,
				DC5220AF1BEA32A000F37F2A /* request-invalid.json */,
				DC5220B01BEA32A000F37F2A /* request-valid.json */,
			);
			path = "JSON Responses";
			sourceTree = "<group>";
		};
		DC545DB81A89F0F10051A575 = {
			isa = PBXGroup;
			children = (
				DC5220451BEA320B00F37F2A /* Heimdallr */,
				DC52205A1BEA320B00F37F2A /* HeimdallrTests */,
				DC336D671A93A76D002AE918 /* Frameworks */,
				DC545DC31A89F0F10051A575 /* Products */,
			);
			sourceTree = "<group>";
		};
		DC545DC31A89F0F10051A575 /* Products */ = {
			isa = PBXGroup;
			children = (
				DC545DC21A89F0F10051A575 /* Heimdallr.framework */,
				DC545DCD1A89F0F10051A575 /* HeimdallrTests.xctest */,
				DC582F431BE1319F0017BE06 /* Heimdallr.framework */,
				DC582F4C1BE1319F0017BE06 /* HeimdallrTests.xctest */,
				DC582FC01BE13EB20017BE06 /* ReactiveHeimdallr.framework */,
				DC582FC91BE13EB30017BE06 /* ReactiveHeimdallrTests.xctest */,
				DC582FF51BE148610017BE06 /* ReactiveHeimdallr.framework */,
				DC582FFE1BE148610017BE06 /* ReactiveHeimdallrTests.xctest */,
			);
			name = Products;
			sourceTree = "<group>";
		};
		DC582F761BE134DA0017BE06 /* iOS */ = {
			isa = PBXGroup;
			children = (
				DC582F9B1BE135440017BE06 /* Heimdallr */,
				DC582F981BE135100017BE06 /* ReactiveHeimdallr */,
				DC582F961BE134FB0017BE06 /* Private */,
			);
			name = iOS;
			path = Carthage/Build/iOS;
			sourceTree = "<group>";
		};
		DC582F871BE134DA0017BE06 /* Mac */ = {
			isa = PBXGroup;
			children = (
				DC582F9A1BE1353C0017BE06 /* Heimdallr */,
				DC582F991BE1352E0017BE06 /* ReactiveHeimdallr */,
				DC582F971BE135020017BE06 /* Private */,
			);
			name = Mac;
			path = Carthage/Build/Mac;
			sourceTree = "<group>";
		};
		DC582F961BE134FB0017BE06 /* Private */ = {
			isa = PBXGroup;
			children = (
				DC582F7D1BE134DA0017BE06 /* Nimble.framework */,
				DC582F7F1BE134DA0017BE06 /* OHHTTPStubs.framework */,
				DC582F811BE134DA0017BE06 /* Quick.framework */,
			);
			name = Private;
			sourceTree = "<group>";
		};
		DC582F971BE135020017BE06 /* Private */ = {
			isa = PBXGroup;
			children = (
				DC582F8C1BE134DA0017BE06 /* Nimble.framework */,
				DC582F8E1BE134DA0017BE06 /* OHHTTPStubs.framework */,
				DC582F901BE134DA0017BE06 /* Quick.framework */,
			);
			name = Private;
			sourceTree = "<group>";
		};
		DC582F981BE135100017BE06 /* ReactiveHeimdallr */ = {
			isa = PBXGroup;
			children = (
				DC582F831BE134DA0017BE06 /* ReactiveCocoa.framework */,
			);
			name = ReactiveHeimdallr;
			sourceTree = "<group>";
		};
		DC582F991BE1352E0017BE06 /* ReactiveHeimdallr */ = {
			isa = PBXGroup;
			children = (
				DC582F921BE134DA0017BE06 /* ReactiveCocoa.framework */,
			);
			name = ReactiveHeimdallr;
			sourceTree = "<group>";
		};
		DC582F9A1BE1353C0017BE06 /* Heimdallr */ = {
			isa = PBXGroup;
			children = (
				DC582F881BE134DA0017BE06 /* Argo.framework */,
				DC582F8A1BE134DA0017BE06 /* KeychainAccess.framework */,
				DC582F941BE134DA0017BE06 /* Result.framework */,
			);
			name = Heimdallr;
			sourceTree = "<group>";
		};
		DC582F9B1BE135440017BE06 /* Heimdallr */ = {
			isa = PBXGroup;
			children = (
				DC582F771BE134DA0017BE06 /* Argo.framework */,
				DC582F7B1BE134DA0017BE06 /* KeychainAccess.framework */,
				DC582F851BE134DA0017BE06 /* Result.framework */,
			);
			name = Heimdallr;
			sourceTree = "<group>";
		};
/* End PBXGroup section */

/* Begin PBXHeadersBuildPhase section */
		DC545DBF1A89F0F10051A575 /* Headers */ = {
			isa = PBXHeadersBuildPhase;
			buildActionMask = 2147483647;
			files = (
				DC5220A61BEA323500F37F2A /* Heimdallr.h in Headers */,
			);
			runOnlyForDeploymentPostprocessing = 0;
		};
		DC582F401BE1319F0017BE06 /* Headers */ = {
			isa = PBXHeadersBuildPhase;
			buildActionMask = 2147483647;
			files = (
				DC5220A71BEA323500F37F2A /* Heimdallr.h in Headers */,
			);
			runOnlyForDeploymentPostprocessing = 0;
		};
		DC582FBD1BE13EB20017BE06 /* Headers */ = {
			isa = PBXHeadersBuildPhase;
			buildActionMask = 2147483647;
			files = (
				DC5220A41BEA322900F37F2A /* ReactiveHeimdallr.h in Headers */,
			);
			runOnlyForDeploymentPostprocessing = 0;
		};
		DC582FF21BE148610017BE06 /* Headers */ = {
			isa = PBXHeadersBuildPhase;
			buildActionMask = 2147483647;
			files = (
				DC5220A51BEA322A00F37F2A /* ReactiveHeimdallr.h in Headers */,
			);
			runOnlyForDeploymentPostprocessing = 0;
		};
/* End PBXHeadersBuildPhase section */

/* Begin PBXNativeTarget section */
		DC545DC11A89F0F10051A575 /* Heimdallr-iOS */ = {
			isa = PBXNativeTarget;
			buildConfigurationList = DC545DD81A89F0F10051A575 /* Build configuration list for PBXNativeTarget "Heimdallr-iOS" */;
			buildPhases = (
				DC545DBD1A89F0F10051A575 /* Sources */,
				DC545DBE1A89F0F10051A575 /* Frameworks */,
				DC545DBF1A89F0F10051A575 /* Headers */,
				DC545DC01A89F0F10051A575 /* Resources */,
			);
			buildRules = (
			);
			dependencies = (
			);
			name = "Heimdallr-iOS";
			productName = "oauth-swift";
			productReference = DC545DC21A89F0F10051A575 /* Heimdallr.framework */;
			productType = "com.apple.product-type.framework";
		};
		DC545DCC1A89F0F10051A575 /* Heimdallr-iOSTests */ = {
			isa = PBXNativeTarget;
			buildConfigurationList = DC545DDB1A89F0F10051A575 /* Build configuration list for PBXNativeTarget "Heimdallr-iOSTests" */;
			buildPhases = (
				DC545DC91A89F0F10051A575 /* Sources */,
				DC545DCA1A89F0F10051A575 /* Frameworks */,
				DC545DCB1A89F0F10051A575 /* Resources */,
				DCD6C1491B17545B00BD66CB /* CopyFiles */,
			);
			buildRules = (
			);
			dependencies = (
				DC545DD01A89F0F10051A575 /* PBXTargetDependency */,
			);
			name = "Heimdallr-iOSTests";
			productName = "oauth-swiftTests";
			productReference = DC545DCD1A89F0F10051A575 /* HeimdallrTests.xctest */;
			productType = "com.apple.product-type.bundle.unit-test";
		};
		DC582F421BE1319F0017BE06 /* Heimdallr-Mac */ = {
			isa = PBXNativeTarget;
			buildConfigurationList = DC582F541BE1319F0017BE06 /* Build configuration list for PBXNativeTarget "Heimdallr-Mac" */;
			buildPhases = (
				DC582F3E1BE1319F0017BE06 /* Sources */,
				DC582F3F1BE1319F0017BE06 /* Frameworks */,
				DC582F401BE1319F0017BE06 /* Headers */,
				DC582F411BE1319F0017BE06 /* Resources */,
			);
			buildRules = (
			);
			dependencies = (
			);
			name = "Heimdallr-Mac";
			productName = "Heimdallr-Mac";
			productReference = DC582F431BE1319F0017BE06 /* Heimdallr.framework */;
			productType = "com.apple.product-type.framework";
		};
		DC582F4B1BE1319F0017BE06 /* Heimdallr-MacTests */ = {
			isa = PBXNativeTarget;
			buildConfigurationList = DC582F571BE1319F0017BE06 /* Build configuration list for PBXNativeTarget "Heimdallr-MacTests" */;
			buildPhases = (
				DC582F481BE1319F0017BE06 /* Sources */,
				DC582F491BE1319F0017BE06 /* Frameworks */,
				DC582F4A1BE1319F0017BE06 /* Resources */,
				DC582FB41BE135D80017BE06 /* CopyFiles */,
			);
			buildRules = (
			);
			dependencies = (
				DC582F4F1BE1319F0017BE06 /* PBXTargetDependency */,
			);
			name = "Heimdallr-MacTests";
			productName = "Heimdallr-MacTests";
			productReference = DC582F4C1BE1319F0017BE06 /* HeimdallrTests.xctest */;
			productType = "com.apple.product-type.bundle.unit-test";
		};
		DC582FBF1BE13EB20017BE06 /* ReactiveHeimdallr-iOS */ = {
			isa = PBXNativeTarget;
			buildConfigurationList = DC582FD51BE13EB30017BE06 /* Build configuration list for PBXNativeTarget "ReactiveHeimdallr-iOS" */;
			buildPhases = (
				DC582FBB1BE13EB20017BE06 /* Sources */,
				DC582FBC1BE13EB20017BE06 /* Frameworks */,
				DC582FBD1BE13EB20017BE06 /* Headers */,
				DC582FBE1BE13EB20017BE06 /* Resources */,
			);
			buildRules = (
			);
			dependencies = (
			);
			name = "ReactiveHeimdallr-iOS";
			productName = ReactiveHeimdallr;
			productReference = DC582FC01BE13EB20017BE06 /* ReactiveHeimdallr.framework */;
			productType = "com.apple.product-type.framework";
		};
		DC582FC81BE13EB30017BE06 /* ReactiveHeimdallr-iOSTests */ = {
			isa = PBXNativeTarget;
			buildConfigurationList = DC582FD61BE13EB30017BE06 /* Build configuration list for PBXNativeTarget "ReactiveHeimdallr-iOSTests" */;
			buildPhases = (
				DC582FC51BE13EB30017BE06 /* Sources */,
				DC582FC61BE13EB30017BE06 /* Frameworks */,
				DC582FC71BE13EB30017BE06 /* Resources */,
				DC582FE21BE1456B0017BE06 /* CopyFiles */,
			);
			buildRules = (
			);
			dependencies = (
				DC582FCC1BE13EB30017BE06 /* PBXTargetDependency */,
			);
			name = "ReactiveHeimdallr-iOSTests";
			productName = ReactiveHeimdallrTests;
			productReference = DC582FC91BE13EB30017BE06 /* ReactiveHeimdallrTests.xctest */;
			productType = "com.apple.product-type.bundle.unit-test";
		};
		DC582FF41BE148610017BE06 /* ReactiveHeimdallr-Mac */ = {
			isa = PBXNativeTarget;
			buildConfigurationList = DC5830061BE148610017BE06 /* Build configuration list for PBXNativeTarget "ReactiveHeimdallr-Mac" */;
			buildPhases = (
				DC582FF01BE148610017BE06 /* Sources */,
				DC582FF11BE148610017BE06 /* Frameworks */,
				DC582FF21BE148610017BE06 /* Headers */,
				DC582FF31BE148610017BE06 /* Resources */,
			);
			buildRules = (
			);
			dependencies = (
			);
			name = "ReactiveHeimdallr-Mac";
			productName = "ReactiveHeimdallr-Mac";
			productReference = DC582FF51BE148610017BE06 /* ReactiveHeimdallr.framework */;
			productType = "com.apple.product-type.framework";
		};
		DC582FFD1BE148610017BE06 /* ReactiveHeimdallr-MacTests */ = {
			isa = PBXNativeTarget;
			buildConfigurationList = DC5830091BE148610017BE06 /* Build configuration list for PBXNativeTarget "ReactiveHeimdallr-MacTests" */;
			buildPhases = (
				DC582FFA1BE148610017BE06 /* Sources */,
				DC582FFB1BE148610017BE06 /* Frameworks */,
				DC582FFC1BE148610017BE06 /* Resources */,
				DC5830181BE14A190017BE06 /* CopyFiles */,
			);
			buildRules = (
			);
			dependencies = (
				DC5830011BE148610017BE06 /* PBXTargetDependency */,
			);
			name = "ReactiveHeimdallr-MacTests";
			productName = "ReactiveHeimdallr-MacTests";
			productReference = DC582FFE1BE148610017BE06 /* ReactiveHeimdallrTests.xctest */;
			productType = "com.apple.product-type.bundle.unit-test";
		};
/* End PBXNativeTarget section */

/* Begin PBXProject section */
		DC545DB91A89F0F10051A575 /* Project object */ = {
			isa = PBXProject;
			attributes = {
				LastSwiftMigration = 0700;
				LastSwiftUpdateCheck = 0710;
				LastUpgradeCheck = 0700;
				ORGANIZATIONNAME = "B264 GmbH";
				TargetAttributes = {
					DC545DC11A89F0F10051A575 = {
						CreatedOnToolsVersion = 6.1.1;
					};
					DC545DCC1A89F0F10051A575 = {
						CreatedOnToolsVersion = 6.1.1;
					};
					DC582F421BE1319F0017BE06 = {
						CreatedOnToolsVersion = 7.1;
					};
					DC582F4B1BE1319F0017BE06 = {
						CreatedOnToolsVersion = 7.1;
					};
					DC582FBF1BE13EB20017BE06 = {
						CreatedOnToolsVersion = 7.1;
					};
					DC582FC81BE13EB30017BE06 = {
						CreatedOnToolsVersion = 7.1;
					};
					DC582FF41BE148610017BE06 = {
						CreatedOnToolsVersion = 7.1;
					};
					DC582FFD1BE148610017BE06 = {
						CreatedOnToolsVersion = 7.1;
					};
				};
			};
			buildConfigurationList = DC545DBC1A89F0F10051A575 /* Build configuration list for PBXProject "Heimdallr" */;
			compatibilityVersion = "Xcode 3.2";
			developmentRegion = English;
			hasScannedForEncodings = 0;
			knownRegions = (
				en,
			);
			mainGroup = DC545DB81A89F0F10051A575;
			productRefGroup = DC545DC31A89F0F10051A575 /* Products */;
			projectDirPath = "";
			projectRoot = "";
			targets = (
				DC545DC11A89F0F10051A575 /* Heimdallr-iOS */,
				DC545DCC1A89F0F10051A575 /* Heimdallr-iOSTests */,
				DC582F421BE1319F0017BE06 /* Heimdallr-Mac */,
				DC582F4B1BE1319F0017BE06 /* Heimdallr-MacTests */,
				DC582FBF1BE13EB20017BE06 /* ReactiveHeimdallr-iOS */,
				DC582FC81BE13EB30017BE06 /* ReactiveHeimdallr-iOSTests */,
				DC582FF41BE148610017BE06 /* ReactiveHeimdallr-Mac */,
				DC582FFD1BE148610017BE06 /* ReactiveHeimdallr-MacTests */,
			);
		};
/* End PBXProject section */

/* Begin PBXResourcesBuildPhase section */
		DC545DC01A89F0F10051A575 /* Resources */ = {
			isa = PBXResourcesBuildPhase;
			buildActionMask = 2147483647;
			files = (
			);
			runOnlyForDeploymentPostprocessing = 0;
		};
		DC545DCB1A89F0F10051A575 /* Resources */ = {
			isa = PBXResourcesBuildPhase;
			buildActionMask = 2147483647;
			files = (
				DC5220BF1BEA32A000F37F2A /* request-valid.json in Resources */,
				DC5220B11BEA32A000F37F2A /* authorize-error.json in Resources */,
				DC5220B71BEA32A000F37F2A /* authorize-invalid.json in Resources */,
				DC5220BB1BEA32A000F37F2A /* request-invalid-norefresh.json in Resources */,
				DC5220B51BEA32A000F37F2A /* authorize-invalid-type.json in Resources */,
				DC5220B31BEA32A000F37F2A /* authorize-invalid-token.json in Resources */,
				DC5220BD1BEA32A000F37F2A /* request-invalid.json in Resources */,
				DC5220B91BEA32A000F37F2A /* authorize-valid.json in Resources */,
			);
			runOnlyForDeploymentPostprocessing = 0;
		};
		DC582F411BE1319F0017BE06 /* Resources */ = {
			isa = PBXResourcesBuildPhase;
			buildActionMask = 2147483647;
			files = (
			);
			runOnlyForDeploymentPostprocessing = 0;
		};
		DC582F4A1BE1319F0017BE06 /* Resources */ = {
			isa = PBXResourcesBuildPhase;
			buildActionMask = 2147483647;
			files = (
				DC5220C01BEA32A000F37F2A /* request-valid.json in Resources */,
				DC5220B21BEA32A000F37F2A /* authorize-error.json in Resources */,
				DC5220B81BEA32A000F37F2A /* authorize-invalid.json in Resources */,
				DC5220BC1BEA32A000F37F2A /* request-invalid-norefresh.json in Resources */,
				DC5220B61BEA32A000F37F2A /* authorize-invalid-type.json in Resources */,
				DC5220B41BEA32A000F37F2A /* authorize-invalid-token.json in Resources */,
				DC5220BE1BEA32A000F37F2A /* request-invalid.json in Resources */,
				DC5220BA1BEA32A000F37F2A /* authorize-valid.json in Resources */,
			);
			runOnlyForDeploymentPostprocessing = 0;
		};
		DC582FBE1BE13EB20017BE06 /* Resources */ = {
			isa = PBXResourcesBuildPhase;
			buildActionMask = 2147483647;
			files = (
			);
			runOnlyForDeploymentPostprocessing = 0;
		};
		DC582FC71BE13EB30017BE06 /* Resources */ = {
			isa = PBXResourcesBuildPhase;
			buildActionMask = 2147483647;
			files = (
			);
			runOnlyForDeploymentPostprocessing = 0;
		};
		DC582FF31BE148610017BE06 /* Resources */ = {
			isa = PBXResourcesBuildPhase;
			buildActionMask = 2147483647;
			files = (
			);
			runOnlyForDeploymentPostprocessing = 0;
		};
		DC582FFC1BE148610017BE06 /* Resources */ = {
			isa = PBXResourcesBuildPhase;
			buildActionMask = 2147483647;
			files = (
			);
			runOnlyForDeploymentPostprocessing = 0;
		};
/* End PBXResourcesBuildPhase section */

/* Begin PBXSourcesBuildPhase section */
		DC545DBD1A89F0F10051A575 /* Sources */ = {
			isa = PBXSourcesBuildPhase;
			buildActionMask = 2147483647;
			files = (
				DC5220711BEA321300F37F2A /* HeimdallrResourceRequestAuthenticator.swift in Sources */,
				DC5220761BEA321300F37F2A /* OAuthAccessTokenKeychainStore.swift in Sources */,
				DC52206E1BEA321300F37F2A /* Heimdallr.swift in Sources */,
				DC52207A1BEA321300F37F2A /* OAuthError.swift in Sources */,
				DC5220741BEA321300F37F2A /* NSURLRequestExtensions.swift in Sources */,
				DC5220731BEA321300F37F2A /* NSDateExtensions.swift in Sources */,
				DC5220791BEA321300F37F2A /* OAuthClientCredentials.swift in Sources */,
				DC5220771BEA321300F37F2A /* OAuthAccessTokenStore.swift in Sources */,
				DC5220701BEA321300F37F2A /* HeimdallrHTTPClientNSURLSession.swift in Sources */,
				DC5220751BEA321300F37F2A /* OAuthAccessToken.swift in Sources */,
				DC5220721BEA321300F37F2A /* HeimdallrResourceRequestAuthenticatorHTTPAuthorizationHeader.swift in Sources */,
				DC52206F1BEA321300F37F2A /* HeimdallrHTTPClient.swift in Sources */,
				DC5220781BEA321300F37F2A /* OAuthAuthorizationGrant.swift in Sources */,
			);
			runOnlyForDeploymentPostprocessing = 0;
		};
		DC545DC91A89F0F10051A575 /* Sources */ = {
			isa = PBXSourcesBuildPhase;
			buildActionMask = 2147483647;
			files = (
				DC5220C11BEA32A900F37F2A /* HeimdallrResourceRequestAuthenticatorHTTPAuthorizationHeaderSpec.swift in Sources */,
				DC5220C31BEA32A900F37F2A /* NSDateExtensionsSpec.swift in Sources */,
				DC5220C61BEA32A900F37F2A /* OAuthAccessTokenSpec.swift in Sources */,
				DC5220C41BEA32A900F37F2A /* NSURLRequestExtensionsSpec.swift in Sources */,
				DC5220C51BEA32A900F37F2A /* OAuthAccessTokenKeychainStoreSpec.swift in Sources */,
				DC5220C21BEA32A900F37F2A /* HeimdallrSpec.swift in Sources */,
			);
			runOnlyForDeploymentPostprocessing = 0;
		};
		DC582F3E1BE1319F0017BE06 /* Sources */ = {
			isa = PBXSourcesBuildPhase;
			buildActionMask = 2147483647;
			files = (
				DC52207E1BEA321500F37F2A /* HeimdallrResourceRequestAuthenticator.swift in Sources */,
				DC5220831BEA321500F37F2A /* OAuthAccessTokenKeychainStore.swift in Sources */,
				DC52207B1BEA321500F37F2A /* Heimdallr.swift in Sources */,
				DC5220871BEA321500F37F2A /* OAuthError.swift in Sources */,
				DC5220811BEA321500F37F2A /* NSURLRequestExtensions.swift in Sources */,
				DC5220801BEA321500F37F2A /* NSDateExtensions.swift in Sources */,
				DC5220861BEA321500F37F2A /* OAuthClientCredentials.swift in Sources */,
				DC5220841BEA321500F37F2A /* OAuthAccessTokenStore.swift in Sources */,
				DC52207D1BEA321500F37F2A /* HeimdallrHTTPClientNSURLSession.swift in Sources */,
				DC5220821BEA321500F37F2A /* OAuthAccessToken.swift in Sources */,
				DC52207F1BEA321500F37F2A /* HeimdallrResourceRequestAuthenticatorHTTPAuthorizationHeader.swift in Sources */,
				DC52207C1BEA321500F37F2A /* HeimdallrHTTPClient.swift in Sources */,
				DC5220851BEA321500F37F2A /* OAuthAuthorizationGrant.swift in Sources */,
			);
			runOnlyForDeploymentPostprocessing = 0;
		};
		DC582F481BE1319F0017BE06 /* Sources */ = {
			isa = PBXSourcesBuildPhase;
			buildActionMask = 2147483647;
			files = (
				DC5220C71BEA32AA00F37F2A /* HeimdallrResourceRequestAuthenticatorHTTPAuthorizationHeaderSpec.swift in Sources */,
				DC5220C91BEA32AA00F37F2A /* NSDateExtensionsSpec.swift in Sources */,
				DC5220CC1BEA32AA00F37F2A /* OAuthAccessTokenSpec.swift in Sources */,
				DC5220CA1BEA32AA00F37F2A /* NSURLRequestExtensionsSpec.swift in Sources */,
				DC5220CB1BEA32AA00F37F2A /* OAuthAccessTokenKeychainStoreSpec.swift in Sources */,
				DC5220C81BEA32AA00F37F2A /* HeimdallrSpec.swift in Sources */,
			);
			runOnlyForDeploymentPostprocessing = 0;
		};
		DC582FBB1BE13EB20017BE06 /* Sources */ = {
			isa = PBXSourcesBuildPhase;
			buildActionMask = 2147483647;
			files = (
				DC52208B1BEA321500F37F2A /* HeimdallrResourceRequestAuthenticator.swift in Sources */,
				DC5220901BEA321500F37F2A /* OAuthAccessTokenKeychainStore.swift in Sources */,
				DC5220881BEA321500F37F2A /* Heimdallr.swift in Sources */,
				DC5220941BEA321500F37F2A /* OAuthError.swift in Sources */,
				DC52208E1BEA321500F37F2A /* NSURLRequestExtensions.swift in Sources */,
				DC52208D1BEA321500F37F2A /* NSDateExtensions.swift in Sources */,
				DC5220931BEA321500F37F2A /* OAuthClientCredentials.swift in Sources */,
				DC5220911BEA321500F37F2A /* OAuthAccessTokenStore.swift in Sources */,
				DC52208A1BEA321500F37F2A /* HeimdallrHTTPClientNSURLSession.swift in Sources */,
				DC52208F1BEA321500F37F2A /* OAuthAccessToken.swift in Sources */,
				DC52208C1BEA321500F37F2A /* HeimdallrResourceRequestAuthenticatorHTTPAuthorizationHeader.swift in Sources */,
				DC5220891BEA321500F37F2A /* HeimdallrHTTPClient.swift in Sources */,
				DC5220921BEA321500F37F2A /* OAuthAuthorizationGrant.swift in Sources */,
				DC5220A21BEA321E00F37F2A /* Heimdallr+ReactiveCocoa.swift in Sources */,
			);
			runOnlyForDeploymentPostprocessing = 0;
		};
		DC582FC51BE13EB30017BE06 /* Sources */ = {
			isa = PBXSourcesBuildPhase;
			buildActionMask = 2147483647;
			files = (
				DC5220CD1BEA32AF00F37F2A /* Heimdallr+ReactiveCocoaSpec.swift in Sources */,
			);
			runOnlyForDeploymentPostprocessing = 0;
		};
		DC582FF01BE148610017BE06 /* Sources */ = {
			isa = PBXSourcesBuildPhase;
			buildActionMask = 2147483647;
			files = (
				DC5220981BEA321600F37F2A /* HeimdallrResourceRequestAuthenticator.swift in Sources */,
				DC52209D1BEA321600F37F2A /* OAuthAccessTokenKeychainStore.swift in Sources */,
				DC5220951BEA321600F37F2A /* Heimdallr.swift in Sources */,
				DC5220A11BEA321600F37F2A /* OAuthError.swift in Sources */,
				DC52209B1BEA321600F37F2A /* NSURLRequestExtensions.swift in Sources */,
				DC52209A1BEA321600F37F2A /* NSDateExtensions.swift in Sources */,
				DC5220A01BEA321600F37F2A /* OAuthClientCredentials.swift in Sources */,
				DC52209E1BEA321600F37F2A /* OAuthAccessTokenStore.swift in Sources */,
				DC5220971BEA321600F37F2A /* HeimdallrHTTPClientNSURLSession.swift in Sources */,
				DC52209C1BEA321600F37F2A /* OAuthAccessToken.swift in Sources */,
				DC5220991BEA321600F37F2A /* HeimdallrResourceRequestAuthenticatorHTTPAuthorizationHeader.swift in Sources */,
				DC5220961BEA321600F37F2A /* HeimdallrHTTPClient.swift in Sources */,
				DC52209F1BEA321600F37F2A /* OAuthAuthorizationGrant.swift in Sources */,
				DC5220A31BEA321F00F37F2A /* Heimdallr+ReactiveCocoa.swift in Sources */,
			);
			runOnlyForDeploymentPostprocessing = 0;
		};
		DC582FFA1BE148610017BE06 /* Sources */ = {
			isa = PBXSourcesBuildPhase;
			buildActionMask = 2147483647;
			files = (
				DC5220CE1BEA32AF00F37F2A /* Heimdallr+ReactiveCocoaSpec.swift in Sources */,
			);
			runOnlyForDeploymentPostprocessing = 0;
		};
/* End PBXSourcesBuildPhase section */

/* Begin PBXTargetDependency section */
		DC545DD01A89F0F10051A575 /* PBXTargetDependency */ = {
			isa = PBXTargetDependency;
			target = DC545DC11A89F0F10051A575 /* Heimdallr-iOS */;
			targetProxy = DC545DCF1A89F0F10051A575 /* PBXContainerItemProxy */;
		};
		DC582F4F1BE1319F0017BE06 /* PBXTargetDependency */ = {
			isa = PBXTargetDependency;
			target = DC582F421BE1319F0017BE06 /* Heimdallr-Mac */;
			targetProxy = DC582F4E1BE1319F0017BE06 /* PBXContainerItemProxy */;
		};
		DC582FCC1BE13EB30017BE06 /* PBXTargetDependency */ = {
			isa = PBXTargetDependency;
			target = DC582FBF1BE13EB20017BE06 /* ReactiveHeimdallr-iOS */;
			targetProxy = DC582FCB1BE13EB30017BE06 /* PBXContainerItemProxy */;
		};
		DC5830011BE148610017BE06 /* PBXTargetDependency */ = {
			isa = PBXTargetDependency;
			target = DC582FF41BE148610017BE06 /* ReactiveHeimdallr-Mac */;
			targetProxy = DC5830001BE148610017BE06 /* PBXContainerItemProxy */;
		};
/* End PBXTargetDependency section */

/* Begin XCBuildConfiguration section */
		DC545DD61A89F0F10051A575 /* Debug */ = {
			isa = XCBuildConfiguration;
			buildSettings = {
				ALWAYS_SEARCH_USER_PATHS = NO;
				CLANG_CXX_LANGUAGE_STANDARD = "gnu++0x";
				CLANG_CXX_LIBRARY = "libc++";
				CLANG_ENABLE_MODULES = YES;
				CLANG_ENABLE_OBJC_ARC = YES;
				CLANG_WARN_BOOL_CONVERSION = YES;
				CLANG_WARN_CONSTANT_CONVERSION = YES;
				CLANG_WARN_DIRECT_OBJC_ISA_USAGE = YES_ERROR;
				CLANG_WARN_EMPTY_BODY = YES;
				CLANG_WARN_ENUM_CONVERSION = YES;
				CLANG_WARN_INT_CONVERSION = YES;
				CLANG_WARN_OBJC_ROOT_CLASS = YES_ERROR;
				CLANG_WARN_UNREACHABLE_CODE = YES;
				CLANG_WARN__DUPLICATE_METHOD_MATCH = YES;
				"CODE_SIGN_IDENTITY[sdk=iphoneos*]" = "iPhone Developer";
				COPY_PHASE_STRIP = NO;
				CURRENT_PROJECT_VERSION = 1;
				ENABLE_STRICT_OBJC_MSGSEND = YES;
				ENABLE_TESTABILITY = YES;
				GCC_C_LANGUAGE_STANDARD = gnu99;
				GCC_DYNAMIC_NO_PIC = NO;
				GCC_NO_COMMON_BLOCKS = YES;
				GCC_OPTIMIZATION_LEVEL = 0;
				GCC_PREPROCESSOR_DEFINITIONS = (
					"DEBUG=1",
					"$(inherited)",
				);
				GCC_SYMBOLS_PRIVATE_EXTERN = NO;
				GCC_WARN_64_TO_32_BIT_CONVERSION = YES;
				GCC_WARN_ABOUT_RETURN_TYPE = YES_ERROR;
				GCC_WARN_UNDECLARED_SELECTOR = YES;
				GCC_WARN_UNINITIALIZED_AUTOS = YES_AGGRESSIVE;
				GCC_WARN_UNUSED_FUNCTION = YES;
				GCC_WARN_UNUSED_VARIABLE = YES;
				IPHONEOS_DEPLOYMENT_TARGET = 8.0;
				MACOSX_DEPLOYMENT_TARGET = 10.9;
				MTL_ENABLE_DEBUG_INFO = YES;
				ONLY_ACTIVE_ARCH = YES;
				PRODUCT_MODULE_NAME = "$(PRODUCT_NAME:c99extidentifier)";
				SDKROOT = iphoneos;
				SWIFT_OPTIMIZATION_LEVEL = "-Onone";
				TARGETED_DEVICE_FAMILY = "1,2";
				VERSIONING_SYSTEM = "apple-generic";
				VERSION_INFO_PREFIX = "";
			};
			name = Debug;
		};
		DC545DD71A89F0F10051A575 /* Release */ = {
			isa = XCBuildConfiguration;
			buildSettings = {
				ALWAYS_SEARCH_USER_PATHS = NO;
				CLANG_CXX_LANGUAGE_STANDARD = "gnu++0x";
				CLANG_CXX_LIBRARY = "libc++";
				CLANG_ENABLE_MODULES = YES;
				CLANG_ENABLE_OBJC_ARC = YES;
				CLANG_WARN_BOOL_CONVERSION = YES;
				CLANG_WARN_CONSTANT_CONVERSION = YES;
				CLANG_WARN_DIRECT_OBJC_ISA_USAGE = YES_ERROR;
				CLANG_WARN_EMPTY_BODY = YES;
				CLANG_WARN_ENUM_CONVERSION = YES;
				CLANG_WARN_INT_CONVERSION = YES;
				CLANG_WARN_OBJC_ROOT_CLASS = YES_ERROR;
				CLANG_WARN_UNREACHABLE_CODE = YES;
				CLANG_WARN__DUPLICATE_METHOD_MATCH = YES;
				"CODE_SIGN_IDENTITY[sdk=iphoneos*]" = "iPhone Developer";
				COPY_PHASE_STRIP = YES;
				CURRENT_PROJECT_VERSION = 1;
				ENABLE_NS_ASSERTIONS = NO;
				ENABLE_STRICT_OBJC_MSGSEND = YES;
				GCC_C_LANGUAGE_STANDARD = gnu99;
				GCC_NO_COMMON_BLOCKS = YES;
				GCC_WARN_64_TO_32_BIT_CONVERSION = YES;
				GCC_WARN_ABOUT_RETURN_TYPE = YES_ERROR;
				GCC_WARN_UNDECLARED_SELECTOR = YES;
				GCC_WARN_UNINITIALIZED_AUTOS = YES_AGGRESSIVE;
				GCC_WARN_UNUSED_FUNCTION = YES;
				GCC_WARN_UNUSED_VARIABLE = YES;
				IPHONEOS_DEPLOYMENT_TARGET = 8.0;
				MACOSX_DEPLOYMENT_TARGET = 10.9;
				MTL_ENABLE_DEBUG_INFO = NO;
				PRODUCT_MODULE_NAME = "$(PRODUCT_NAME:c99extidentifier)";
				SDKROOT = iphoneos;
				SWIFT_OPTIMIZATION_LEVEL = "-Owholemodule";
				TARGETED_DEVICE_FAMILY = "1,2";
				VALIDATE_PRODUCT = YES;
				VERSIONING_SYSTEM = "apple-generic";
				VERSION_INFO_PREFIX = "";
			};
			name = Release;
		};
		DC545DD91A89F0F10051A575 /* Debug */ = {
			isa = XCBuildConfiguration;
			buildSettings = {
				DEBUG_INFORMATION_FORMAT = dwarf;
				DEFINES_MODULE = YES;
				DYLIB_COMPATIBILITY_VERSION = 1;
				DYLIB_CURRENT_VERSION = 1;
				DYLIB_INSTALL_NAME_BASE = "@rpath";
				FRAMEWORK_SEARCH_PATHS = (
					"$(inherited)",
					"$(PROJECT_DIR)/Carthage/Build/iOS",
				);
				INFOPLIST_FILE = "Heimdallr/Supporting Files/Info.plist";
				INSTALL_PATH = "$(LOCAL_LIBRARY_DIR)/Frameworks";
				LD_RUNPATH_SEARCH_PATHS = "$(inherited) @executable_path/Frameworks @loader_path/Frameworks";
				PRODUCT_BUNDLE_IDENTIFIER = "de.rheinfabrik.$(PRODUCT_NAME:rfc1034identifier)";
				PRODUCT_NAME = Heimdallr;
				SKIP_INSTALL = YES;
			};
			name = Debug;
		};
		DC545DDA1A89F0F10051A575 /* Release */ = {
			isa = XCBuildConfiguration;
			buildSettings = {
				DEBUG_INFORMATION_FORMAT = "dwarf-with-dsym";
				DEFINES_MODULE = YES;
				DYLIB_COMPATIBILITY_VERSION = 1;
				DYLIB_CURRENT_VERSION = 1;
				DYLIB_INSTALL_NAME_BASE = "@rpath";
				FRAMEWORK_SEARCH_PATHS = (
					"$(inherited)",
					"$(PROJECT_DIR)/Carthage/Build/iOS",
				);
				INFOPLIST_FILE = "Heimdallr/Supporting Files/Info.plist";
				INSTALL_PATH = "$(LOCAL_LIBRARY_DIR)/Frameworks";
				LD_RUNPATH_SEARCH_PATHS = "$(inherited) @executable_path/Frameworks @loader_path/Frameworks";
				PRODUCT_BUNDLE_IDENTIFIER = "de.rheinfabrik.$(PRODUCT_NAME:rfc1034identifier)";
				PRODUCT_NAME = Heimdallr;
				SKIP_INSTALL = YES;
			};
			name = Release;
		};
		DC545DDC1A89F0F10051A575 /* Debug */ = {
			isa = XCBuildConfiguration;
			buildSettings = {
				DEBUG_INFORMATION_FORMAT = dwarf;
				FRAMEWORK_SEARCH_PATHS = (
					"$(inherited)",
					"$(PROJECT_DIR)/Carthage/Build/iOS",
				);
				INFOPLIST_FILE = "HeimdallrTests/Supporting Files/Info.plist";
				LD_RUNPATH_SEARCH_PATHS = "$(inherited) @executable_path/Frameworks @loader_path/Frameworks";
				PRODUCT_BUNDLE_IDENTIFIER = "de.rheinfabrik.$(PRODUCT_NAME:rfc1034identifier)";
				PRODUCT_NAME = HeimdallrTests;
			};
			name = Debug;
		};
		DC545DDD1A89F0F10051A575 /* Release */ = {
			isa = XCBuildConfiguration;
			buildSettings = {
				DEBUG_INFORMATION_FORMAT = "dwarf-with-dsym";
				FRAMEWORK_SEARCH_PATHS = (
					"$(inherited)",
					"$(PROJECT_DIR)/Carthage/Build/iOS",
				);
				INFOPLIST_FILE = "HeimdallrTests/Supporting Files/Info.plist";
				LD_RUNPATH_SEARCH_PATHS = "$(inherited) @executable_path/Frameworks @loader_path/Frameworks";
				PRODUCT_BUNDLE_IDENTIFIER = "de.rheinfabrik.$(PRODUCT_NAME:rfc1034identifier)";
				PRODUCT_NAME = HeimdallrTests;
			};
			name = Release;
		};
		DC582F551BE1319F0017BE06 /* Debug */ = {
			isa = XCBuildConfiguration;
			buildSettings = {
				COMBINE_HIDPI_IMAGES = YES;
				DEBUG_INFORMATION_FORMAT = dwarf;
				DEFINES_MODULE = YES;
				DYLIB_COMPATIBILITY_VERSION = 1;
				DYLIB_CURRENT_VERSION = 1;
				DYLIB_INSTALL_NAME_BASE = "@rpath";
				FRAMEWORK_SEARCH_PATHS = (
					"$(inherited)",
					"$(PROJECT_DIR)/Carthage/Build/Mac",
				);
				FRAMEWORK_VERSION = A;
				INFOPLIST_FILE = "Heimdallr/Supporting Files/Info.plist";
				INSTALL_PATH = "$(LOCAL_LIBRARY_DIR)/Frameworks";
				LD_RUNPATH_SEARCH_PATHS = "$(inherited) @executable_path/../Frameworks @loader_path/Frameworks";
				PRODUCT_BUNDLE_IDENTIFIER = "de.rheinfabrik.$(PRODUCT_NAME:rfc1034identifier)";
				PRODUCT_NAME = Heimdallr;
				SDKROOT = macosx;
				SKIP_INSTALL = YES;
			};
			name = Debug;
		};
		DC582F561BE1319F0017BE06 /* Release */ = {
			isa = XCBuildConfiguration;
			buildSettings = {
				COMBINE_HIDPI_IMAGES = YES;
				DEBUG_INFORMATION_FORMAT = "dwarf-with-dsym";
				DEFINES_MODULE = YES;
				DYLIB_COMPATIBILITY_VERSION = 1;
				DYLIB_CURRENT_VERSION = 1;
				DYLIB_INSTALL_NAME_BASE = "@rpath";
				FRAMEWORK_SEARCH_PATHS = (
					"$(inherited)",
					"$(PROJECT_DIR)/Carthage/Build/Mac",
				);
				FRAMEWORK_VERSION = A;
				INFOPLIST_FILE = "Heimdallr/Supporting Files/Info.plist";
				INSTALL_PATH = "$(LOCAL_LIBRARY_DIR)/Frameworks";
				LD_RUNPATH_SEARCH_PATHS = "$(inherited) @executable_path/../Frameworks @loader_path/Frameworks";
				PRODUCT_BUNDLE_IDENTIFIER = "de.rheinfabrik.$(PRODUCT_NAME:rfc1034identifier)";
				PRODUCT_NAME = Heimdallr;
				SDKROOT = macosx;
				SKIP_INSTALL = YES;
			};
			name = Release;
		};
		DC582F581BE1319F0017BE06 /* Debug */ = {
			isa = XCBuildConfiguration;
			buildSettings = {
				COMBINE_HIDPI_IMAGES = YES;
				DEBUG_INFORMATION_FORMAT = dwarf;
				FRAMEWORK_SEARCH_PATHS = (
					"$(inherited)",
					"$(PROJECT_DIR)/Carthage/Build/Mac",
				);
				INFOPLIST_FILE = "HeimdallrTests/Supporting Files/Info.plist";
				LD_RUNPATH_SEARCH_PATHS = "$(inherited) @executable_path/../Frameworks @loader_path/../Frameworks";
				PRODUCT_BUNDLE_IDENTIFIER = "de.rheinfabrik.$(PRODUCT_NAME:rfc1034identifier)";
				PRODUCT_NAME = HeimdallrTests;
				SDKROOT = macosx;
			};
			name = Debug;
		};
		DC582F591BE1319F0017BE06 /* Release */ = {
			isa = XCBuildConfiguration;
			buildSettings = {
				COMBINE_HIDPI_IMAGES = YES;
				DEBUG_INFORMATION_FORMAT = "dwarf-with-dsym";
				FRAMEWORK_SEARCH_PATHS = (
					"$(inherited)",
					"$(PROJECT_DIR)/Carthage/Build/Mac",
				);
				INFOPLIST_FILE = "HeimdallrTests/Supporting Files/Info.plist";
				LD_RUNPATH_SEARCH_PATHS = "$(inherited) @executable_path/../Frameworks @loader_path/../Frameworks";
				PRODUCT_BUNDLE_IDENTIFIER = "de.rheinfabrik.$(PRODUCT_NAME:rfc1034identifier)";
				PRODUCT_NAME = HeimdallrTests;
				SDKROOT = macosx;
			};
			name = Release;
		};
		DC582FD11BE13EB30017BE06 /* Debug */ = {
			isa = XCBuildConfiguration;
			buildSettings = {
				DEBUG_INFORMATION_FORMAT = dwarf;
				DEFINES_MODULE = YES;
				DYLIB_COMPATIBILITY_VERSION = 1;
				DYLIB_CURRENT_VERSION = 1;
				DYLIB_INSTALL_NAME_BASE = "@rpath";
				FRAMEWORK_SEARCH_PATHS = (
					"$(inherited)",
					"$(PROJECT_DIR)/Carthage/Build/iOS",
				);
				INFOPLIST_FILE = "Heimdallr/Supporting Files/Info.plist";
				INSTALL_PATH = "$(LOCAL_LIBRARY_DIR)/Frameworks";
				LD_RUNPATH_SEARCH_PATHS = "$(inherited) @executable_path/Frameworks @loader_path/Frameworks";
				PRODUCT_BUNDLE_IDENTIFIER = "de.rheinfabrik.$(PRODUCT_NAME:rfc1034identifier)";
				PRODUCT_NAME = ReactiveHeimdallr;
				SKIP_INSTALL = YES;
			};
			name = Debug;
		};
		DC582FD21BE13EB30017BE06 /* Release */ = {
			isa = XCBuildConfiguration;
			buildSettings = {
				DEBUG_INFORMATION_FORMAT = "dwarf-with-dsym";
				DEFINES_MODULE = YES;
				DYLIB_COMPATIBILITY_VERSION = 1;
				DYLIB_CURRENT_VERSION = 1;
				DYLIB_INSTALL_NAME_BASE = "@rpath";
				FRAMEWORK_SEARCH_PATHS = (
					"$(inherited)",
					"$(PROJECT_DIR)/Carthage/Build/iOS",
				);
				INFOPLIST_FILE = "Heimdallr/Supporting Files/Info.plist";
				INSTALL_PATH = "$(LOCAL_LIBRARY_DIR)/Frameworks";
				LD_RUNPATH_SEARCH_PATHS = "$(inherited) @executable_path/Frameworks @loader_path/Frameworks";
				PRODUCT_BUNDLE_IDENTIFIER = "de.rheinfabrik.$(PRODUCT_NAME:rfc1034identifier)";
				PRODUCT_NAME = ReactiveHeimdallr;
				SKIP_INSTALL = YES;
			};
			name = Release;
		};
		DC582FD31BE13EB30017BE06 /* Debug */ = {
			isa = XCBuildConfiguration;
			buildSettings = {
				DEBUG_INFORMATION_FORMAT = dwarf;
				FRAMEWORK_SEARCH_PATHS = (
					"$(inherited)",
					"$(PROJECT_DIR)/Carthage/Build/iOS",
				);
				INFOPLIST_FILE = "HeimdallrTests/Supporting Files/Info.plist";
				LD_RUNPATH_SEARCH_PATHS = "$(inherited) @executable_path/Frameworks @loader_path/Frameworks";
				PRODUCT_BUNDLE_IDENTIFIER = "de.rheinfabrik.$(PRODUCT_NAME:rfc1034identifier)";
				PRODUCT_NAME = ReactiveHeimdallrTests;
			};
			name = Debug;
		};
		DC582FD41BE13EB30017BE06 /* Release */ = {
			isa = XCBuildConfiguration;
			buildSettings = {
				DEBUG_INFORMATION_FORMAT = "dwarf-with-dsym";
				FRAMEWORK_SEARCH_PATHS = (
					"$(inherited)",
					"$(PROJECT_DIR)/Carthage/Build/iOS",
				);
				INFOPLIST_FILE = "HeimdallrTests/Supporting Files/Info.plist";
				LD_RUNPATH_SEARCH_PATHS = "$(inherited) @executable_path/Frameworks @loader_path/Frameworks";
				PRODUCT_BUNDLE_IDENTIFIER = "de.rheinfabrik.$(PRODUCT_NAME:rfc1034identifier)";
				PRODUCT_NAME = ReactiveHeimdallrTests;
			};
			name = Release;
		};
		DC5830071BE148610017BE06 /* Debug */ = {
			isa = XCBuildConfiguration;
			buildSettings = {
				COMBINE_HIDPI_IMAGES = YES;
				DEBUG_INFORMATION_FORMAT = dwarf;
				DEFINES_MODULE = YES;
				DYLIB_COMPATIBILITY_VERSION = 1;
				DYLIB_CURRENT_VERSION = 1;
				DYLIB_INSTALL_NAME_BASE = "@rpath";
				FRAMEWORK_SEARCH_PATHS = (
					"$(inherited)",
					"$(PROJECT_DIR)/Carthage/Build/Mac",
				);
				FRAMEWORK_VERSION = A;
				INFOPLIST_FILE = "Heimdallr/Supporting Files/Info.plist";
				INSTALL_PATH = "$(LOCAL_LIBRARY_DIR)/Frameworks";
				LD_RUNPATH_SEARCH_PATHS = "$(inherited) @executable_path/../Frameworks @loader_path/Frameworks";
				PRODUCT_BUNDLE_IDENTIFIER = "de.rheinfabrik.$(PRODUCT_NAME:rfc1034identifier)";
				PRODUCT_NAME = ReactiveHeimdallr;
				SDKROOT = macosx;
				SKIP_INSTALL = YES;
			};
			name = Debug;
		};
		DC5830081BE148610017BE06 /* Release */ = {
			isa = XCBuildConfiguration;
			buildSettings = {
				COMBINE_HIDPI_IMAGES = YES;
				DEBUG_INFORMATION_FORMAT = "dwarf-with-dsym";
				DEFINES_MODULE = YES;
				DYLIB_COMPATIBILITY_VERSION = 1;
				DYLIB_CURRENT_VERSION = 1;
				DYLIB_INSTALL_NAME_BASE = "@rpath";
				FRAMEWORK_SEARCH_PATHS = (
					"$(inherited)",
					"$(PROJECT_DIR)/Carthage/Build/Mac",
				);
				FRAMEWORK_VERSION = A;
				INFOPLIST_FILE = "Heimdallr/Supporting Files/Info.plist";
				INSTALL_PATH = "$(LOCAL_LIBRARY_DIR)/Frameworks";
				LD_RUNPATH_SEARCH_PATHS = "$(inherited) @executable_path/../Frameworks @loader_path/Frameworks";
				PRODUCT_BUNDLE_IDENTIFIER = "de.rheinfabrik.$(PRODUCT_NAME:rfc1034identifier)";
				PRODUCT_NAME = ReactiveHeimdallr;
				SDKROOT = macosx;
				SKIP_INSTALL = YES;
			};
			name = Release;
		};
		DC58300A1BE148610017BE06 /* Debug */ = {
			isa = XCBuildConfiguration;
			buildSettings = {
				COMBINE_HIDPI_IMAGES = YES;
				DEBUG_INFORMATION_FORMAT = dwarf;
				FRAMEWORK_SEARCH_PATHS = (
					"$(inherited)",
					"$(PROJECT_DIR)/Carthage/Build/Mac",
				);
				INFOPLIST_FILE = "HeimdallrTests/Supporting Files/Info.plist";
				LD_RUNPATH_SEARCH_PATHS = "$(inherited) @executable_path/../Frameworks @loader_path/../Frameworks";
				PRODUCT_BUNDLE_IDENTIFIER = "de.rheinfabrik.$(PRODUCT_NAME:rfc1034identifier)";
				PRODUCT_NAME = ReactiveHeimdallrTests;
				SDKROOT = macosx;
			};
			name = Debug;
		};
		DC58300B1BE148610017BE06 /* Release */ = {
			isa = XCBuildConfiguration;
			buildSettings = {
				COMBINE_HIDPI_IMAGES = YES;
				DEBUG_INFORMATION_FORMAT = "dwarf-with-dsym";
				FRAMEWORK_SEARCH_PATHS = (
					"$(inherited)",
					"$(PROJECT_DIR)/Carthage/Build/Mac",
				);
				INFOPLIST_FILE = "HeimdallrTests/Supporting Files/Info.plist";
				LD_RUNPATH_SEARCH_PATHS = "$(inherited) @executable_path/../Frameworks @loader_path/../Frameworks";
				PRODUCT_BUNDLE_IDENTIFIER = "de.rheinfabrik.$(PRODUCT_NAME:rfc1034identifier)";
				PRODUCT_NAME = ReactiveHeimdallrTests;
				SDKROOT = macosx;
			};
			name = Release;
		};
/* End XCBuildConfiguration section */

/* Begin XCConfigurationList section */
		DC545DBC1A89F0F10051A575 /* Build configuration list for PBXProject "Heimdallr" */ = {
			isa = XCConfigurationList;
			buildConfigurations = (
				DC545DD61A89F0F10051A575 /* Debug */,
				DC545DD71A89F0F10051A575 /* Release */,
			);
			defaultConfigurationIsVisible = 0;
			defaultConfigurationName = Release;
		};
		DC545DD81A89F0F10051A575 /* Build configuration list for PBXNativeTarget "Heimdallr-iOS" */ = {
			isa = XCConfigurationList;
			buildConfigurations = (
				DC545DD91A89F0F10051A575 /* Debug */,
				DC545DDA1A89F0F10051A575 /* Release */,
			);
			defaultConfigurationIsVisible = 0;
			defaultConfigurationName = Release;
		};
		DC545DDB1A89F0F10051A575 /* Build configuration list for PBXNativeTarget "Heimdallr-iOSTests" */ = {
			isa = XCConfigurationList;
			buildConfigurations = (
				DC545DDC1A89F0F10051A575 /* Debug */,
				DC545DDD1A89F0F10051A575 /* Release */,
			);
			defaultConfigurationIsVisible = 0;
			defaultConfigurationName = Release;
		};
		DC582F541BE1319F0017BE06 /* Build configuration list for PBXNativeTarget "Heimdallr-Mac" */ = {
			isa = XCConfigurationList;
			buildConfigurations = (
				DC582F551BE1319F0017BE06 /* Debug */,
				DC582F561BE1319F0017BE06 /* Release */,
			);
			defaultConfigurationIsVisible = 0;
			defaultConfigurationName = Release;
		};
		DC582F571BE1319F0017BE06 /* Build configuration list for PBXNativeTarget "Heimdallr-MacTests" */ = {
			isa = XCConfigurationList;
			buildConfigurations = (
				DC582F581BE1319F0017BE06 /* Debug */,
				DC582F591BE1319F0017BE06 /* Release */,
			);
			defaultConfigurationIsVisible = 0;
			defaultConfigurationName = Release;
		};
		DC582FD51BE13EB30017BE06 /* Build configuration list for PBXNativeTarget "ReactiveHeimdallr-iOS" */ = {
			isa = XCConfigurationList;
			buildConfigurations = (
				DC582FD11BE13EB30017BE06 /* Debug */,
				DC582FD21BE13EB30017BE06 /* Release */,
			);
			defaultConfigurationIsVisible = 0;
			defaultConfigurationName = Release;
		};
		DC582FD61BE13EB30017BE06 /* Build configuration list for PBXNativeTarget "ReactiveHeimdallr-iOSTests" */ = {
			isa = XCConfigurationList;
			buildConfigurations = (
				DC582FD31BE13EB30017BE06 /* Debug */,
				DC582FD41BE13EB30017BE06 /* Release */,
			);
			defaultConfigurationIsVisible = 0;
			defaultConfigurationName = Release;
		};
		DC5830061BE148610017BE06 /* Build configuration list for PBXNativeTarget "ReactiveHeimdallr-Mac" */ = {
			isa = XCConfigurationList;
			buildConfigurations = (
				DC5830071BE148610017BE06 /* Debug */,
				DC5830081BE148610017BE06 /* Release */,
			);
			defaultConfigurationIsVisible = 0;
			defaultConfigurationName = Release;
		};
		DC5830091BE148610017BE06 /* Build configuration list for PBXNativeTarget "ReactiveHeimdallr-MacTests" */ = {
			isa = XCConfigurationList;
			buildConfigurations = (
				DC58300A1BE148610017BE06 /* Debug */,
				DC58300B1BE148610017BE06 /* Release */,
			);
			defaultConfigurationIsVisible = 0;
			defaultConfigurationName = Release;
		};
/* End XCConfigurationList section */
	};
	rootObject = DC545DB91A89F0F10051A575 /* Project object */;
}
