// !$*UTF8*$!
{
	archiveVersion = 1;
	classes = {
	};
	objectVersion = 46;
	objects = {

/* Begin PBXBuildFile section */
		DC209CD31C845FA100C43C75 /* Result.framework in Frameworks */ = {isa = PBXBuildFile; fileRef = DC209CCB1C845F1900C43C75 /* Result.framework */; };
		DC209CD61C845FA300C43C75 /* Result.framework in Frameworks */ = {isa = PBXBuildFile; fileRef = DC209CCB1C845F1900C43C75 /* Result.framework */; };
		DC209CDD1C845FCB00C43C75 /* Nimble.framework in Frameworks */ = {isa = PBXBuildFile; fileRef = DC209CC71C845F1900C43C75 /* Nimble.framework */; };
		DC209CDE1C845FCB00C43C75 /* OHHTTPStubs.framework in Frameworks */ = {isa = PBXBuildFile; fileRef = DC209CC81C845F1900C43C75 /* OHHTTPStubs.framework */; };
		DC209CDF1C845FCB00C43C75 /* Quick.framework in Frameworks */ = {isa = PBXBuildFile; fileRef = DC209CC91C845F1900C43C75 /* Quick.framework */; };
		DC209CE01C845FCC00C43C75 /* Nimble.framework in Frameworks */ = {isa = PBXBuildFile; fileRef = DC209CC71C845F1900C43C75 /* Nimble.framework */; };
		DC209CE11C845FCC00C43C75 /* OHHTTPStubs.framework in Frameworks */ = {isa = PBXBuildFile; fileRef = DC209CC81C845F1900C43C75 /* OHHTTPStubs.framework */; };
		DC209CE21C845FCC00C43C75 /* Quick.framework in Frameworks */ = {isa = PBXBuildFile; fileRef = DC209CC91C845F1900C43C75 /* Quick.framework */; };
		DC52206E1BEA321300F37F2A /* Heimdallr.swift in Sources */ = {isa = PBXBuildFile; fileRef = DC5220471BEA320B00F37F2A /* Heimdallr.swift */; };
		DC52206F1BEA321300F37F2A /* HeimdallrHTTPClient.swift in Sources */ = {isa = PBXBuildFile; fileRef = DC5220481BEA320B00F37F2A /* HeimdallrHTTPClient.swift */; };
		DC5220701BEA321300F37F2A /* HeimdallrHTTPClientURLSession.swift in Sources */ = {isa = PBXBuildFile; fileRef = DC5220491BEA320B00F37F2A /* HeimdallrHTTPClientURLSession.swift */; };
		DC5220711BEA321300F37F2A /* HeimdallrResourceRequestAuthenticator.swift in Sources */ = {isa = PBXBuildFile; fileRef = DC52204A1BEA320B00F37F2A /* HeimdallrResourceRequestAuthenticator.swift */; };
		DC5220721BEA321300F37F2A /* HeimdallrResourceRequestAuthenticatorHTTPAuthorizationHeader.swift in Sources */ = {isa = PBXBuildFile; fileRef = DC52204B1BEA320B00F37F2A /* HeimdallrResourceRequestAuthenticatorHTTPAuthorizationHeader.swift */; };
		DC5220741BEA321300F37F2A /* URLRequestExtensions.swift in Sources */ = {isa = PBXBuildFile; fileRef = DC52204D1BEA320B00F37F2A /* URLRequestExtensions.swift */; };
		DC5220751BEA321300F37F2A /* OAuthAccessToken.swift in Sources */ = {isa = PBXBuildFile; fileRef = DC52204E1BEA320B00F37F2A /* OAuthAccessToken.swift */; };
		DC5220761BEA321300F37F2A /* OAuthAccessTokenKeychainStore.swift in Sources */ = {isa = PBXBuildFile; fileRef = DC52204F1BEA320B00F37F2A /* OAuthAccessTokenKeychainStore.swift */; };
		DC5220771BEA321300F37F2A /* OAuthAccessTokenStore.swift in Sources */ = {isa = PBXBuildFile; fileRef = DC5220501BEA320B00F37F2A /* OAuthAccessTokenStore.swift */; };
		DC5220781BEA321300F37F2A /* OAuthAuthorizationGrant.swift in Sources */ = {isa = PBXBuildFile; fileRef = DC5220511BEA320B00F37F2A /* OAuthAuthorizationGrant.swift */; };
		DC5220791BEA321300F37F2A /* OAuthClientCredentials.swift in Sources */ = {isa = PBXBuildFile; fileRef = DC5220521BEA320B00F37F2A /* OAuthClientCredentials.swift */; };
		DC52207A1BEA321300F37F2A /* OAuthError.swift in Sources */ = {isa = PBXBuildFile; fileRef = DC5220531BEA320B00F37F2A /* OAuthError.swift */; };
		DC52207B1BEA321500F37F2A /* Heimdallr.swift in Sources */ = {isa = PBXBuildFile; fileRef = DC5220471BEA320B00F37F2A /* Heimdallr.swift */; };
		DC52207C1BEA321500F37F2A /* HeimdallrHTTPClient.swift in Sources */ = {isa = PBXBuildFile; fileRef = DC5220481BEA320B00F37F2A /* HeimdallrHTTPClient.swift */; };
		DC52207D1BEA321500F37F2A /* HeimdallrHTTPClientURLSession.swift in Sources */ = {isa = PBXBuildFile; fileRef = DC5220491BEA320B00F37F2A /* HeimdallrHTTPClientURLSession.swift */; };
		DC52207E1BEA321500F37F2A /* HeimdallrResourceRequestAuthenticator.swift in Sources */ = {isa = PBXBuildFile; fileRef = DC52204A1BEA320B00F37F2A /* HeimdallrResourceRequestAuthenticator.swift */; };
		DC52207F1BEA321500F37F2A /* HeimdallrResourceRequestAuthenticatorHTTPAuthorizationHeader.swift in Sources */ = {isa = PBXBuildFile; fileRef = DC52204B1BEA320B00F37F2A /* HeimdallrResourceRequestAuthenticatorHTTPAuthorizationHeader.swift */; };
		DC5220811BEA321500F37F2A /* URLRequestExtensions.swift in Sources */ = {isa = PBXBuildFile; fileRef = DC52204D1BEA320B00F37F2A /* URLRequestExtensions.swift */; };
		DC5220821BEA321500F37F2A /* OAuthAccessToken.swift in Sources */ = {isa = PBXBuildFile; fileRef = DC52204E1BEA320B00F37F2A /* OAuthAccessToken.swift */; };
		DC5220831BEA321500F37F2A /* OAuthAccessTokenKeychainStore.swift in Sources */ = {isa = PBXBuildFile; fileRef = DC52204F1BEA320B00F37F2A /* OAuthAccessTokenKeychainStore.swift */; };
		DC5220841BEA321500F37F2A /* OAuthAccessTokenStore.swift in Sources */ = {isa = PBXBuildFile; fileRef = DC5220501BEA320B00F37F2A /* OAuthAccessTokenStore.swift */; };
		DC5220851BEA321500F37F2A /* OAuthAuthorizationGrant.swift in Sources */ = {isa = PBXBuildFile; fileRef = DC5220511BEA320B00F37F2A /* OAuthAuthorizationGrant.swift */; };
		DC5220861BEA321500F37F2A /* OAuthClientCredentials.swift in Sources */ = {isa = PBXBuildFile; fileRef = DC5220521BEA320B00F37F2A /* OAuthClientCredentials.swift */; };
		DC5220871BEA321500F37F2A /* OAuthError.swift in Sources */ = {isa = PBXBuildFile; fileRef = DC5220531BEA320B00F37F2A /* OAuthError.swift */; };
		DC5220A61BEA323500F37F2A /* Heimdallr.h in Headers */ = {isa = PBXBuildFile; fileRef = DC5220571BEA320B00F37F2A /* Heimdallr.h */; settings = {ATTRIBUTES = (Public, ); }; };
		DC5220A71BEA323500F37F2A /* Heimdallr.h in Headers */ = {isa = PBXBuildFile; fileRef = DC5220571BEA320B00F37F2A /* Heimdallr.h */; settings = {ATTRIBUTES = (Public, ); }; };
		DC5220B11BEA32A000F37F2A /* authorize-error.json in Resources */ = {isa = PBXBuildFile; fileRef = DC5220A91BEA32A000F37F2A /* authorize-error.json */; };
		DC5220B21BEA32A000F37F2A /* authorize-error.json in Resources */ = {isa = PBXBuildFile; fileRef = DC5220A91BEA32A000F37F2A /* authorize-error.json */; };
		DC5220B31BEA32A000F37F2A /* authorize-invalid-token.json in Resources */ = {isa = PBXBuildFile; fileRef = DC5220AA1BEA32A000F37F2A /* authorize-invalid-token.json */; };
		DC5220B41BEA32A000F37F2A /* authorize-invalid-token.json in Resources */ = {isa = PBXBuildFile; fileRef = DC5220AA1BEA32A000F37F2A /* authorize-invalid-token.json */; };
		DC5220B51BEA32A000F37F2A /* authorize-invalid-type.json in Resources */ = {isa = PBXBuildFile; fileRef = DC5220AB1BEA32A000F37F2A /* authorize-invalid-type.json */; };
		DC5220B61BEA32A000F37F2A /* authorize-invalid-type.json in Resources */ = {isa = PBXBuildFile; fileRef = DC5220AB1BEA32A000F37F2A /* authorize-invalid-type.json */; };
		DC5220B71BEA32A000F37F2A /* authorize-invalid.json in Resources */ = {isa = PBXBuildFile; fileRef = DC5220AC1BEA32A000F37F2A /* authorize-invalid.json */; };
		DC5220B81BEA32A000F37F2A /* authorize-invalid.json in Resources */ = {isa = PBXBuildFile; fileRef = DC5220AC1BEA32A000F37F2A /* authorize-invalid.json */; };
		DC5220B91BEA32A000F37F2A /* authorize-valid.json in Resources */ = {isa = PBXBuildFile; fileRef = DC5220AD1BEA32A000F37F2A /* authorize-valid.json */; };
		DC5220BA1BEA32A000F37F2A /* authorize-valid.json in Resources */ = {isa = PBXBuildFile; fileRef = DC5220AD1BEA32A000F37F2A /* authorize-valid.json */; };
		DC5220BB1BEA32A000F37F2A /* request-invalid-norefresh.json in Resources */ = {isa = PBXBuildFile; fileRef = DC5220AE1BEA32A000F37F2A /* request-invalid-norefresh.json */; };
		DC5220BC1BEA32A000F37F2A /* request-invalid-norefresh.json in Resources */ = {isa = PBXBuildFile; fileRef = DC5220AE1BEA32A000F37F2A /* request-invalid-norefresh.json */; };
		DC5220BD1BEA32A000F37F2A /* request-invalid.json in Resources */ = {isa = PBXBuildFile; fileRef = DC5220AF1BEA32A000F37F2A /* request-invalid.json */; };
		DC5220BE1BEA32A000F37F2A /* request-invalid.json in Resources */ = {isa = PBXBuildFile; fileRef = DC5220AF1BEA32A000F37F2A /* request-invalid.json */; };
		DC5220BF1BEA32A000F37F2A /* request-valid.json in Resources */ = {isa = PBXBuildFile; fileRef = DC5220B01BEA32A000F37F2A /* request-valid.json */; };
		DC5220C01BEA32A000F37F2A /* request-valid.json in Resources */ = {isa = PBXBuildFile; fileRef = DC5220B01BEA32A000F37F2A /* request-valid.json */; };
		DC5220C11BEA32A900F37F2A /* HeimdallrResourceRequestAuthenticatorHTTPAuthorizationHeaderSpec.swift in Sources */ = {isa = PBXBuildFile; fileRef = DC5220611BEA320B00F37F2A /* HeimdallrResourceRequestAuthenticatorHTTPAuthorizationHeaderSpec.swift */; };
		DC5220C21BEA32A900F37F2A /* HeimdallrSpec.swift in Sources */ = {isa = PBXBuildFile; fileRef = DC5220621BEA320B00F37F2A /* HeimdallrSpec.swift */; };
		DC5220C41BEA32A900F37F2A /* URLRequestExtensionsSpec.swift in Sources */ = {isa = PBXBuildFile; fileRef = DC5220641BEA320B00F37F2A /* URLRequestExtensionsSpec.swift */; };
		DC5220C51BEA32A900F37F2A /* OAuthAccessTokenKeychainStoreSpec.swift in Sources */ = {isa = PBXBuildFile; fileRef = DC5220651BEA320B00F37F2A /* OAuthAccessTokenKeychainStoreSpec.swift */; };
		DC5220C61BEA32A900F37F2A /* OAuthAccessTokenSpec.swift in Sources */ = {isa = PBXBuildFile; fileRef = DC5220661BEA320B00F37F2A /* OAuthAccessTokenSpec.swift */; };
		DC5220C71BEA32AA00F37F2A /* HeimdallrResourceRequestAuthenticatorHTTPAuthorizationHeaderSpec.swift in Sources */ = {isa = PBXBuildFile; fileRef = DC5220611BEA320B00F37F2A /* HeimdallrResourceRequestAuthenticatorHTTPAuthorizationHeaderSpec.swift */; };
		DC5220C81BEA32AA00F37F2A /* HeimdallrSpec.swift in Sources */ = {isa = PBXBuildFile; fileRef = DC5220621BEA320B00F37F2A /* HeimdallrSpec.swift */; };
		DC5220CA1BEA32AA00F37F2A /* URLRequestExtensionsSpec.swift in Sources */ = {isa = PBXBuildFile; fileRef = DC5220641BEA320B00F37F2A /* URLRequestExtensionsSpec.swift */; };
		DC5220CB1BEA32AA00F37F2A /* OAuthAccessTokenKeychainStoreSpec.swift in Sources */ = {isa = PBXBuildFile; fileRef = DC5220651BEA320B00F37F2A /* OAuthAccessTokenKeychainStoreSpec.swift */; };
		DC5220CC1BEA32AA00F37F2A /* OAuthAccessTokenSpec.swift in Sources */ = {isa = PBXBuildFile; fileRef = DC5220661BEA320B00F37F2A /* OAuthAccessTokenSpec.swift */; };
		DC545DCE1A89F0F10051A575 /* Heimdallr.framework in Frameworks */ = {isa = PBXBuildFile; fileRef = DC545DC21A89F0F10051A575 /* Heimdallr.framework */; };
		DC582F4D1BE1319F0017BE06 /* Heimdallr.framework in Frameworks */ = {isa = PBXBuildFile; fileRef = DC582F431BE1319F0017BE06 /* Heimdallr.framework */; };
		E258A1661CC6B66900649F5A /* OAuthAccessTokenDefaultParser.swift in Sources */ = {isa = PBXBuildFile; fileRef = E258A1651CC6B66900649F5A /* OAuthAccessTokenDefaultParser.swift */; };
		E258A1681CC6B8C500649F5A /* OAuthAccessTokenParser.swift in Sources */ = {isa = PBXBuildFile; fileRef = E258A1671CC6B8C500649F5A /* OAuthAccessTokenParser.swift */; };
		E258A1691CC6BC7B00649F5A /* OAuthAccessTokenParser.swift in Sources */ = {isa = PBXBuildFile; fileRef = E258A1671CC6B8C500649F5A /* OAuthAccessTokenParser.swift */; };
		E258A16C1CC6BC8600649F5A /* OAuthAccessTokenDefaultParser.swift in Sources */ = {isa = PBXBuildFile; fileRef = E258A1651CC6B66900649F5A /* OAuthAccessTokenDefaultParser.swift */; };
/* End PBXBuildFile section */

/* Begin PBXContainerItemProxy section */
		DC545DCF1A89F0F10051A575 /* PBXContainerItemProxy */ = {
			isa = PBXContainerItemProxy;
			containerPortal = DC545DB91A89F0F10051A575 /* Project object */;
			proxyType = 1;
			remoteGlobalIDString = DC545DC11A89F0F10051A575;
			remoteInfo = "oauth-swift";
		};
		DC582F4E1BE1319F0017BE06 /* PBXContainerItemProxy */ = {
			isa = PBXContainerItemProxy;
			containerPortal = DC545DB91A89F0F10051A575 /* Project object */;
			proxyType = 1;
			remoteGlobalIDString = DC582F421BE1319F0017BE06;
			remoteInfo = "Heimdallr-Mac";
		};
/* End PBXContainerItemProxy section */

/* Begin PBXFileReference section */
		D44F76361DA52BDB002A4AC4 /* ReactiveSwift.framework */ = {isa = PBXFileReference; lastKnownFileType = wrapper.framework; name = ReactiveSwift.framework; path = Carthage/Checkouts/ReactiveSwift/build/Debug/ReactiveSwift.framework; sourceTree = "<group>"; };
		D44F76381DA52BEA002A4AC4 /* ReactiveSwift.framework */ = {isa = PBXFileReference; lastKnownFileType = wrapper.framework; name = ReactiveSwift.framework; path = "../../Library/Developer/Xcode/DerivedData/Heimdallr-fdtctotgikuwtugzxtbbivybhrkn/Build/Products/Debug-iphonesimulator/ReactiveSwift.framework"; sourceTree = "<group>"; };
		DC209CC51C845F1900C43C75 /* Argo.framework */ = {isa = PBXFileReference; lastKnownFileType = wrapper.framework; path = Argo.framework; sourceTree = BUILT_PRODUCTS_DIR; };
		DC209CC71C845F1900C43C75 /* Nimble.framework */ = {isa = PBXFileReference; lastKnownFileType = wrapper.framework; path = Nimble.framework; sourceTree = BUILT_PRODUCTS_DIR; };
		DC209CC81C845F1900C43C75 /* OHHTTPStubs.framework */ = {isa = PBXFileReference; lastKnownFileType = wrapper.framework; path = OHHTTPStubs.framework; sourceTree = BUILT_PRODUCTS_DIR; };
		DC209CC91C845F1900C43C75 /* Quick.framework */ = {isa = PBXFileReference; lastKnownFileType = wrapper.framework; path = Quick.framework; sourceTree = BUILT_PRODUCTS_DIR; };
		DC209CCA1C845F1900C43C75 /* ReactiveCocoa.framework */ = {isa = PBXFileReference; lastKnownFileType = wrapper.framework; path = ReactiveCocoa.framework; sourceTree = BUILT_PRODUCTS_DIR; };
		DC209CCB1C845F1900C43C75 /* Result.framework */ = {isa = PBXFileReference; lastKnownFileType = wrapper.framework; path = Result.framework; sourceTree = BUILT_PRODUCTS_DIR; };
		DC5220471BEA320B00F37F2A /* Heimdallr.swift */ = {isa = PBXFileReference; lastKnownFileType = sourcecode.swift; path = Heimdallr.swift; sourceTree = "<group>"; };
		DC5220481BEA320B00F37F2A /* HeimdallrHTTPClient.swift */ = {isa = PBXFileReference; lastKnownFileType = sourcecode.swift; path = HeimdallrHTTPClient.swift; sourceTree = "<group>"; };
		DC5220491BEA320B00F37F2A /* HeimdallrHTTPClientURLSession.swift */ = {isa = PBXFileReference; lastKnownFileType = sourcecode.swift; path = HeimdallrHTTPClientURLSession.swift; sourceTree = "<group>"; };
		DC52204A1BEA320B00F37F2A /* HeimdallrResourceRequestAuthenticator.swift */ = {isa = PBXFileReference; lastKnownFileType = sourcecode.swift; path = HeimdallrResourceRequestAuthenticator.swift; sourceTree = "<group>"; };
		DC52204B1BEA320B00F37F2A /* HeimdallrResourceRequestAuthenticatorHTTPAuthorizationHeader.swift */ = {isa = PBXFileReference; lastKnownFileType = sourcecode.swift; path = HeimdallrResourceRequestAuthenticatorHTTPAuthorizationHeader.swift; sourceTree = "<group>"; };
		DC52204D1BEA320B00F37F2A /* URLRequestExtensions.swift */ = {isa = PBXFileReference; lastKnownFileType = sourcecode.swift; path = URLRequestExtensions.swift; sourceTree = "<group>"; };
		DC52204E1BEA320B00F37F2A /* OAuthAccessToken.swift */ = {isa = PBXFileReference; lastKnownFileType = sourcecode.swift; path = OAuthAccessToken.swift; sourceTree = "<group>"; };
		DC52204F1BEA320B00F37F2A /* OAuthAccessTokenKeychainStore.swift */ = {isa = PBXFileReference; lastKnownFileType = sourcecode.swift; path = OAuthAccessTokenKeychainStore.swift; sourceTree = "<group>"; };
		DC5220501BEA320B00F37F2A /* OAuthAccessTokenStore.swift */ = {isa = PBXFileReference; lastKnownFileType = sourcecode.swift; path = OAuthAccessTokenStore.swift; sourceTree = "<group>"; };
		DC5220511BEA320B00F37F2A /* OAuthAuthorizationGrant.swift */ = {isa = PBXFileReference; lastKnownFileType = sourcecode.swift; path = OAuthAuthorizationGrant.swift; sourceTree = "<group>"; };
		DC5220521BEA320B00F37F2A /* OAuthClientCredentials.swift */ = {isa = PBXFileReference; lastKnownFileType = sourcecode.swift; path = OAuthClientCredentials.swift; sourceTree = "<group>"; };
		DC5220531BEA320B00F37F2A /* OAuthError.swift */ = {isa = PBXFileReference; lastKnownFileType = sourcecode.swift; path = OAuthError.swift; sourceTree = "<group>"; };
		DC5220571BEA320B00F37F2A /* Heimdallr.h */ = {isa = PBXFileReference; lastKnownFileType = sourcecode.c.h; path = Heimdallr.h; sourceTree = "<group>"; };
		DC5220581BEA320B00F37F2A /* Info.plist */ = {isa = PBXFileReference; lastKnownFileType = text.plist.xml; path = Info.plist; sourceTree = "<group>"; };
		DC5220611BEA320B00F37F2A /* HeimdallrResourceRequestAuthenticatorHTTPAuthorizationHeaderSpec.swift */ = {isa = PBXFileReference; lastKnownFileType = sourcecode.swift; path = HeimdallrResourceRequestAuthenticatorHTTPAuthorizationHeaderSpec.swift; sourceTree = "<group>"; };
		DC5220621BEA320B00F37F2A /* HeimdallrSpec.swift */ = {isa = PBXFileReference; lastKnownFileType = sourcecode.swift; path = HeimdallrSpec.swift; sourceTree = "<group>"; };
		DC5220641BEA320B00F37F2A /* URLRequestExtensionsSpec.swift */ = {isa = PBXFileReference; lastKnownFileType = sourcecode.swift; path = URLRequestExtensionsSpec.swift; sourceTree = "<group>"; };
		DC5220651BEA320B00F37F2A /* OAuthAccessTokenKeychainStoreSpec.swift */ = {isa = PBXFileReference; lastKnownFileType = sourcecode.swift; path = OAuthAccessTokenKeychainStoreSpec.swift; sourceTree = "<group>"; };
		DC5220661BEA320B00F37F2A /* OAuthAccessTokenSpec.swift */ = {isa = PBXFileReference; lastKnownFileType = sourcecode.swift; path = OAuthAccessTokenSpec.swift; sourceTree = "<group>"; };
		DC52206D1BEA320B00F37F2A /* Info.plist */ = {isa = PBXFileReference; lastKnownFileType = text.plist.xml; path = Info.plist; sourceTree = "<group>"; };
		DC5220A91BEA32A000F37F2A /* authorize-error.json */ = {isa = PBXFileReference; fileEncoding = 4; lastKnownFileType = text.json; path = "authorize-error.json"; sourceTree = "<group>"; };
		DC5220AA1BEA32A000F37F2A /* authorize-invalid-token.json */ = {isa = PBXFileReference; fileEncoding = 4; lastKnownFileType = text.json; path = "authorize-invalid-token.json"; sourceTree = "<group>"; };
		DC5220AB1BEA32A000F37F2A /* authorize-invalid-type.json */ = {isa = PBXFileReference; fileEncoding = 4; lastKnownFileType = text.json; path = "authorize-invalid-type.json"; sourceTree = "<group>"; };
		DC5220AC1BEA32A000F37F2A /* authorize-invalid.json */ = {isa = PBXFileReference; fileEncoding = 4; lastKnownFileType = text.json; path = "authorize-invalid.json"; sourceTree = "<group>"; };
		DC5220AD1BEA32A000F37F2A /* authorize-valid.json */ = {isa = PBXFileReference; fileEncoding = 4; lastKnownFileType = text.json; path = "authorize-valid.json"; sourceTree = "<group>"; };
		DC5220AE1BEA32A000F37F2A /* request-invalid-norefresh.json */ = {isa = PBXFileReference; fileEncoding = 4; lastKnownFileType = text.json; path = "request-invalid-norefresh.json"; sourceTree = "<group>"; };
		DC5220AF1BEA32A000F37F2A /* request-invalid.json */ = {isa = PBXFileReference; fileEncoding = 4; lastKnownFileType = text.json; path = "request-invalid.json"; sourceTree = "<group>"; };
		DC5220B01BEA32A000F37F2A /* request-valid.json */ = {isa = PBXFileReference; fileEncoding = 4; lastKnownFileType = text.json; path = "request-valid.json"; sourceTree = "<group>"; };
		DC545DC21A89F0F10051A575 /* Heimdallr.framework */ = {isa = PBXFileReference; explicitFileType = wrapper.framework; includeInIndex = 0; path = Heimdallr.framework; sourceTree = BUILT_PRODUCTS_DIR; };
		DC545DCD1A89F0F10051A575 /* HeimdallrTests.xctest */ = {isa = PBXFileReference; explicitFileType = wrapper.cfbundle; includeInIndex = 0; path = HeimdallrTests.xctest; sourceTree = BUILT_PRODUCTS_DIR; };
		DC582F431BE1319F0017BE06 /* Heimdallr.framework */ = {isa = PBXFileReference; explicitFileType = wrapper.framework; includeInIndex = 0; path = Heimdallr.framework; sourceTree = BUILT_PRODUCTS_DIR; };
		DC582F4C1BE1319F0017BE06 /* HeimdallrTests.xctest */ = {isa = PBXFileReference; explicitFileType = wrapper.cfbundle; includeInIndex = 0; path = HeimdallrTests.xctest; sourceTree = BUILT_PRODUCTS_DIR; };
		DC712A3F1C85AD77009860A5 /* Common.xcconfig */ = {isa = PBXFileReference; lastKnownFileType = text.xcconfig; path = Common.xcconfig; sourceTree = "<group>"; };
		DC712A411C85AD77009860A5 /* Debug.xcconfig */ = {isa = PBXFileReference; lastKnownFileType = text.xcconfig; path = Debug.xcconfig; sourceTree = "<group>"; };
		DC712A421C85AD77009860A5 /* Profile.xcconfig */ = {isa = PBXFileReference; lastKnownFileType = text.xcconfig; path = Profile.xcconfig; sourceTree = "<group>"; };
		DC712A431C85AD77009860A5 /* Release.xcconfig */ = {isa = PBXFileReference; lastKnownFileType = text.xcconfig; path = Release.xcconfig; sourceTree = "<group>"; };
		DC712A441C85AD77009860A5 /* Test.xcconfig */ = {isa = PBXFileReference; lastKnownFileType = text.xcconfig; path = Test.xcconfig; sourceTree = "<group>"; };
		DC712A461C85AD77009860A5 /* Application.xcconfig */ = {isa = PBXFileReference; lastKnownFileType = text.xcconfig; path = Application.xcconfig; sourceTree = "<group>"; };
		DC712A471C85AD77009860A5 /* Framework.xcconfig */ = {isa = PBXFileReference; lastKnownFileType = text.xcconfig; path = Framework.xcconfig; sourceTree = "<group>"; };
		DC712A481C85AD77009860A5 /* StaticLibrary.xcconfig */ = {isa = PBXFileReference; lastKnownFileType = text.xcconfig; path = StaticLibrary.xcconfig; sourceTree = "<group>"; };
		DC712A4A1C85AD77009860A5 /* iOS-Application.xcconfig */ = {isa = PBXFileReference; lastKnownFileType = text.xcconfig; path = "iOS-Application.xcconfig"; sourceTree = "<group>"; };
		DC712A4B1C85AD77009860A5 /* iOS-Base.xcconfig */ = {isa = PBXFileReference; lastKnownFileType = text.xcconfig; path = "iOS-Base.xcconfig"; sourceTree = "<group>"; };
		DC712A4C1C85AD77009860A5 /* iOS-Framework.xcconfig */ = {isa = PBXFileReference; lastKnownFileType = text.xcconfig; path = "iOS-Framework.xcconfig"; sourceTree = "<group>"; };
		DC712A4D1C85AD77009860A5 /* iOS-StaticLibrary.xcconfig */ = {isa = PBXFileReference; lastKnownFileType = text.xcconfig; path = "iOS-StaticLibrary.xcconfig"; sourceTree = "<group>"; };
		DC712A4F1C85AD77009860A5 /* Mac-Application.xcconfig */ = {isa = PBXFileReference; lastKnownFileType = text.xcconfig; path = "Mac-Application.xcconfig"; sourceTree = "<group>"; };
		DC712A501C85AD77009860A5 /* Mac-Base.xcconfig */ = {isa = PBXFileReference; lastKnownFileType = text.xcconfig; path = "Mac-Base.xcconfig"; sourceTree = "<group>"; };
		DC712A511C85AD77009860A5 /* Mac-DynamicLibrary.xcconfig */ = {isa = PBXFileReference; lastKnownFileType = text.xcconfig; path = "Mac-DynamicLibrary.xcconfig"; sourceTree = "<group>"; };
		DC712A521C85AD77009860A5 /* Mac-Framework.xcconfig */ = {isa = PBXFileReference; lastKnownFileType = text.xcconfig; path = "Mac-Framework.xcconfig"; sourceTree = "<group>"; };
		DC712A531C85AD77009860A5 /* Mac-StaticLibrary.xcconfig */ = {isa = PBXFileReference; lastKnownFileType = text.xcconfig; path = "Mac-StaticLibrary.xcconfig"; sourceTree = "<group>"; };
		DC712A561C85AD77009860A5 /* tvOS-Application.xcconfig */ = {isa = PBXFileReference; lastKnownFileType = text.xcconfig; path = "tvOS-Application.xcconfig"; sourceTree = "<group>"; };
		DC712A571C85AD77009860A5 /* tvOS-Base.xcconfig */ = {isa = PBXFileReference; lastKnownFileType = text.xcconfig; path = "tvOS-Base.xcconfig"; sourceTree = "<group>"; };
		DC712A581C85AD77009860A5 /* tvOS-Framework.xcconfig */ = {isa = PBXFileReference; lastKnownFileType = text.xcconfig; path = "tvOS-Framework.xcconfig"; sourceTree = "<group>"; };
		DC712A591C85AD77009860A5 /* tvOS-StaticLibrary.xcconfig */ = {isa = PBXFileReference; lastKnownFileType = text.xcconfig; path = "tvOS-StaticLibrary.xcconfig"; sourceTree = "<group>"; };
		DC712A5B1C85AD77009860A5 /* watchOS-Application.xcconfig */ = {isa = PBXFileReference; lastKnownFileType = text.xcconfig; path = "watchOS-Application.xcconfig"; sourceTree = "<group>"; };
		DC712A5C1C85AD77009860A5 /* watchOS-Base.xcconfig */ = {isa = PBXFileReference; lastKnownFileType = text.xcconfig; path = "watchOS-Base.xcconfig"; sourceTree = "<group>"; };
		DC712A5D1C85AD77009860A5 /* watchOS-Framework.xcconfig */ = {isa = PBXFileReference; lastKnownFileType = text.xcconfig; path = "watchOS-Framework.xcconfig"; sourceTree = "<group>"; };
		DC712A5E1C85AD77009860A5 /* watchOS-StaticLibrary.xcconfig */ = {isa = PBXFileReference; lastKnownFileType = text.xcconfig; path = "watchOS-StaticLibrary.xcconfig"; sourceTree = "<group>"; };
		E258A1651CC6B66900649F5A /* OAuthAccessTokenDefaultParser.swift */ = {isa = PBXFileReference; fileEncoding = 4; lastKnownFileType = sourcecode.swift; path = OAuthAccessTokenDefaultParser.swift; sourceTree = "<group>"; };
		E258A1671CC6B8C500649F5A /* OAuthAccessTokenParser.swift */ = {isa = PBXFileReference; fileEncoding = 4; lastKnownFileType = sourcecode.swift; path = OAuthAccessTokenParser.swift; sourceTree = "<group>"; };
/* End PBXFileReference section */

/* Begin PBXFrameworksBuildPhase section */
		DC545DBE1A89F0F10051A575 /* Frameworks */ = {
			isa = PBXFrameworksBuildPhase;
			buildActionMask = 2147483647;
			files = (
				DC209CD31C845FA100C43C75 /* Result.framework in Frameworks */,
			);
			runOnlyForDeploymentPostprocessing = 0;
		};
		DC545DCA1A89F0F10051A575 /* Frameworks */ = {
			isa = PBXFrameworksBuildPhase;
			buildActionMask = 2147483647;
			files = (
				DC209CDD1C845FCB00C43C75 /* Nimble.framework in Frameworks */,
				DC209CDE1C845FCB00C43C75 /* OHHTTPStubs.framework in Frameworks */,
				DC209CDF1C845FCB00C43C75 /* Quick.framework in Frameworks */,
				DC545DCE1A89F0F10051A575 /* Heimdallr.framework in Frameworks */,
			);
			runOnlyForDeploymentPostprocessing = 0;
		};
		DC582F3F1BE1319F0017BE06 /* Frameworks */ = {
			isa = PBXFrameworksBuildPhase;
			buildActionMask = 2147483647;
			files = (
				DC209CD61C845FA300C43C75 /* Result.framework in Frameworks */,
			);
			runOnlyForDeploymentPostprocessing = 0;
		};
		DC582F491BE1319F0017BE06 /* Frameworks */ = {
			isa = PBXFrameworksBuildPhase;
			buildActionMask = 2147483647;
			files = (
				DC209CE01C845FCC00C43C75 /* Nimble.framework in Frameworks */,
				DC209CE11C845FCC00C43C75 /* OHHTTPStubs.framework in Frameworks */,
				DC209CE21C845FCC00C43C75 /* Quick.framework in Frameworks */,
				DC582F4D1BE1319F0017BE06 /* Heimdallr.framework in Frameworks */,
			);
			runOnlyForDeploymentPostprocessing = 0;
		};
/* End PBXFrameworksBuildPhase section */

/* Begin PBXGroup section */
		DC209CCC1C845F2000C43C75 /* Frameworks */ = {
			isa = PBXGroup;
			children = (
				D44F76381DA52BEA002A4AC4 /* ReactiveSwift.framework */,
				D44F76361DA52BDB002A4AC4 /* ReactiveSwift.framework */,
				DC209CC51C845F1900C43C75 /* Argo.framework */,
				DC209CC71C845F1900C43C75 /* Nimble.framework */,
				DC209CC81C845F1900C43C75 /* OHHTTPStubs.framework */,
				DC209CC91C845F1900C43C75 /* Quick.framework */,
				DC209CCA1C845F1900C43C75 /* ReactiveCocoa.framework */,
				DC209CCB1C845F1900C43C75 /* Result.framework */,
			);
			name = Frameworks;
			sourceTree = "<group>";
		};
		DC5220451BEA320B00F37F2A /* Heimdallr */ = {
			isa = PBXGroup;
			children = (
				DC5220471BEA320B00F37F2A /* Heimdallr.swift */,
				DC5220481BEA320B00F37F2A /* HeimdallrHTTPClient.swift */,
				DC5220491BEA320B00F37F2A /* HeimdallrHTTPClientURLSession.swift */,
				DC52204A1BEA320B00F37F2A /* HeimdallrResourceRequestAuthenticator.swift */,
				DC52204B1BEA320B00F37F2A /* HeimdallrResourceRequestAuthenticatorHTTPAuthorizationHeader.swift */,
				DC52204D1BEA320B00F37F2A /* URLRequestExtensions.swift */,
				DC52204E1BEA320B00F37F2A /* OAuthAccessToken.swift */,
				E258A1651CC6B66900649F5A /* OAuthAccessTokenDefaultParser.swift */,
				DC52204F1BEA320B00F37F2A /* OAuthAccessTokenKeychainStore.swift */,
				E258A1671CC6B8C500649F5A /* OAuthAccessTokenParser.swift */,
				DC5220501BEA320B00F37F2A /* OAuthAccessTokenStore.swift */,
				DC5220511BEA320B00F37F2A /* OAuthAuthorizationGrant.swift */,
				DC5220521BEA320B00F37F2A /* OAuthClientCredentials.swift */,
				DC5220531BEA320B00F37F2A /* OAuthError.swift */,
				DC5220561BEA320B00F37F2A /* Supporting Files */,
			);
			path = Heimdallr;
			sourceTree = "<group>";
		};
		DC5220561BEA320B00F37F2A /* Supporting Files */ = {
			isa = PBXGroup;
			children = (
				DC5220571BEA320B00F37F2A /* Heimdallr.h */,
				DC5220581BEA320B00F37F2A /* Info.plist */,
			);
			path = "Supporting Files";
			sourceTree = "<group>";
		};
		DC52205A1BEA320B00F37F2A /* HeimdallrTests */ = {
			isa = PBXGroup;
			children = (
				DC5220611BEA320B00F37F2A /* HeimdallrResourceRequestAuthenticatorHTTPAuthorizationHeaderSpec.swift */,
				DC5220621BEA320B00F37F2A /* HeimdallrSpec.swift */,
				DC5220A81BEA32A000F37F2A /* JSON Responses */,
				DC5220641BEA320B00F37F2A /* URLRequestExtensionsSpec.swift */,
				DC5220651BEA320B00F37F2A /* OAuthAccessTokenKeychainStoreSpec.swift */,
				DC5220661BEA320B00F37F2A /* OAuthAccessTokenSpec.swift */,
				DC52206C1BEA320B00F37F2A /* Supporting Files */,
			);
			path = HeimdallrTests;
			sourceTree = "<group>";
		};
		DC52206C1BEA320B00F37F2A /* Supporting Files */ = {
			isa = PBXGroup;
			children = (
				DC52206D1BEA320B00F37F2A /* Info.plist */,
			);
			path = "Supporting Files";
			sourceTree = "<group>";
		};
		DC5220A81BEA32A000F37F2A /* JSON Responses */ = {
			isa = PBXGroup;
			children = (
				DC5220A91BEA32A000F37F2A /* authorize-error.json */,
				DC5220AA1BEA32A000F37F2A /* authorize-invalid-token.json */,
				DC5220AB1BEA32A000F37F2A /* authorize-invalid-type.json */,
				DC5220AC1BEA32A000F37F2A /* authorize-invalid.json */,
				DC5220AD1BEA32A000F37F2A /* authorize-valid.json */,
				DC5220AE1BEA32A000F37F2A /* request-invalid-norefresh.json */,
				DC5220AF1BEA32A000F37F2A /* request-invalid.json */,
				DC5220B01BEA32A000F37F2A /* request-valid.json */,
			);
			path = "JSON Responses";
			sourceTree = "<group>";
		};
		DC545DB81A89F0F10051A575 = {
			isa = PBXGroup;
			children = (
				DC5220451BEA320B00F37F2A /* Heimdallr */,
				DC52205A1BEA320B00F37F2A /* HeimdallrTests */,
				DC712A3C1C85AD77009860A5 /* Configuration */,
				DC209CCC1C845F2000C43C75 /* Frameworks */,
				DC545DC31A89F0F10051A575 /* Products */,
			);
			sourceTree = "<group>";
		};
		DC545DC31A89F0F10051A575 /* Products */ = {
			isa = PBXGroup;
			children = (
				DC545DC21A89F0F10051A575 /* Heimdallr.framework */,
				DC545DCD1A89F0F10051A575 /* HeimdallrTests.xctest */,
				DC582F431BE1319F0017BE06 /* Heimdallr.framework */,
				DC582F4C1BE1319F0017BE06 /* HeimdallrTests.xctest */,
			);
			name = Products;
			sourceTree = "<group>";
		};
		DC712A3C1C85AD77009860A5 /* Configuration */ = {
			isa = PBXGroup;
			children = (
				DC712A3E1C85AD77009860A5 /* Base */,
				DC712A491C85AD77009860A5 /* iOS */,
				DC712A4E1C85AD77009860A5 /* Mac OS X */,
				DC712A551C85AD77009860A5 /* tvOS */,
				DC712A5A1C85AD77009860A5 /* watchOS */,
			);
			name = Configuration;
			path = Carthage/Checkouts/xcconfigs;
			sourceTree = "<group>";
		};
		DC712A3E1C85AD77009860A5 /* Base */ = {
			isa = PBXGroup;
			children = (
				DC712A3F1C85AD77009860A5 /* Common.xcconfig */,
				DC712A401C85AD77009860A5 /* Configurations */,
				DC712A451C85AD77009860A5 /* Targets */,
			);
			path = Base;
			sourceTree = "<group>";
		};
		DC712A401C85AD77009860A5 /* Configurations */ = {
			isa = PBXGroup;
			children = (
				DC712A411C85AD77009860A5 /* Debug.xcconfig */,
				DC712A421C85AD77009860A5 /* Profile.xcconfig */,
				DC712A431C85AD77009860A5 /* Release.xcconfig */,
				DC712A441C85AD77009860A5 /* Test.xcconfig */,
			);
			path = Configurations;
			sourceTree = "<group>";
		};
		DC712A451C85AD77009860A5 /* Targets */ = {
			isa = PBXGroup;
			children = (
				DC712A461C85AD77009860A5 /* Application.xcconfig */,
				DC712A471C85AD77009860A5 /* Framework.xcconfig */,
				DC712A481C85AD77009860A5 /* StaticLibrary.xcconfig */,
			);
			path = Targets;
			sourceTree = "<group>";
		};
		DC712A491C85AD77009860A5 /* iOS */ = {
			isa = PBXGroup;
			children = (
				DC712A4A1C85AD77009860A5 /* iOS-Application.xcconfig */,
				DC712A4B1C85AD77009860A5 /* iOS-Base.xcconfig */,
				DC712A4C1C85AD77009860A5 /* iOS-Framework.xcconfig */,
				DC712A4D1C85AD77009860A5 /* iOS-StaticLibrary.xcconfig */,
			);
			path = iOS;
			sourceTree = "<group>";
		};
		DC712A4E1C85AD77009860A5 /* Mac OS X */ = {
			isa = PBXGroup;
			children = (
				DC712A4F1C85AD77009860A5 /* Mac-Application.xcconfig */,
				DC712A501C85AD77009860A5 /* Mac-Base.xcconfig */,
				DC712A511C85AD77009860A5 /* Mac-DynamicLibrary.xcconfig */,
				DC712A521C85AD77009860A5 /* Mac-Framework.xcconfig */,
				DC712A531C85AD77009860A5 /* Mac-StaticLibrary.xcconfig */,
			);
			path = "Mac OS X";
			sourceTree = "<group>";
		};
		DC712A551C85AD77009860A5 /* tvOS */ = {
			isa = PBXGroup;
			children = (
				DC712A561C85AD77009860A5 /* tvOS-Application.xcconfig */,
				DC712A571C85AD77009860A5 /* tvOS-Base.xcconfig */,
				DC712A581C85AD77009860A5 /* tvOS-Framework.xcconfig */,
				DC712A591C85AD77009860A5 /* tvOS-StaticLibrary.xcconfig */,
			);
			path = tvOS;
			sourceTree = "<group>";
		};
		DC712A5A1C85AD77009860A5 /* watchOS */ = {
			isa = PBXGroup;
			children = (
				DC712A5B1C85AD77009860A5 /* watchOS-Application.xcconfig */,
				DC712A5C1C85AD77009860A5 /* watchOS-Base.xcconfig */,
				DC712A5D1C85AD77009860A5 /* watchOS-Framework.xcconfig */,
				DC712A5E1C85AD77009860A5 /* watchOS-StaticLibrary.xcconfig */,
			);
			path = watchOS;
			sourceTree = "<group>";
		};
/* End PBXGroup section */

/* Begin PBXHeadersBuildPhase section */
		DC545DBF1A89F0F10051A575 /* Headers */ = {
			isa = PBXHeadersBuildPhase;
			buildActionMask = 2147483647;
			files = (
				DC5220A61BEA323500F37F2A /* Heimdallr.h in Headers */,
			);
			runOnlyForDeploymentPostprocessing = 0;
		};
		DC582F401BE1319F0017BE06 /* Headers */ = {
			isa = PBXHeadersBuildPhase;
			buildActionMask = 2147483647;
			files = (
				DC5220A71BEA323500F37F2A /* Heimdallr.h in Headers */,
			);
			runOnlyForDeploymentPostprocessing = 0;
		};
/* End PBXHeadersBuildPhase section */

/* Begin PBXNativeTarget section */
		DC545DC11A89F0F10051A575 /* Heimdallr-iOS */ = {
			isa = PBXNativeTarget;
			buildConfigurationList = DC545DD81A89F0F10051A575 /* Build configuration list for PBXNativeTarget "Heimdallr-iOS" */;
			buildPhases = (
				DC545DBD1A89F0F10051A575 /* Sources */,
				DC545DBE1A89F0F10051A575 /* Frameworks */,
				DC545DBF1A89F0F10051A575 /* Headers */,
				DC545DC01A89F0F10051A575 /* Resources */,
				E8A3F08B1EC0A9780019B8D9 /* Run swiftformat */,
			);
			buildRules = (
			);
			dependencies = (
			);
			name = "Heimdallr-iOS";
			productName = "oauth-swift";
			productReference = DC545DC21A89F0F10051A575 /* Heimdallr.framework */;
			productType = "com.apple.product-type.framework";
		};
		DC545DCC1A89F0F10051A575 /* Heimdallr-iOSTests */ = {
			isa = PBXNativeTarget;
			buildConfigurationList = DC545DDB1A89F0F10051A575 /* Build configuration list for PBXNativeTarget "Heimdallr-iOSTests" */;
			buildPhases = (
				DC545DC91A89F0F10051A575 /* Sources */,
				DC545DCA1A89F0F10051A575 /* Frameworks */,
				DC545DCB1A89F0F10051A575 /* Resources */,
			);
			buildRules = (
			);
			dependencies = (
				DC545DD01A89F0F10051A575 /* PBXTargetDependency */,
			);
			name = "Heimdallr-iOSTests";
			productName = "oauth-swiftTests";
			productReference = DC545DCD1A89F0F10051A575 /* HeimdallrTests.xctest */;
			productType = "com.apple.product-type.bundle.unit-test";
		};
		DC582F421BE1319F0017BE06 /* Heimdallr-macOS */ = {
			isa = PBXNativeTarget;
			buildConfigurationList = DC582F541BE1319F0017BE06 /* Build configuration list for PBXNativeTarget "Heimdallr-macOS" */;
			buildPhases = (
				DC582F3E1BE1319F0017BE06 /* Sources */,
				DC582F3F1BE1319F0017BE06 /* Frameworks */,
				DC582F401BE1319F0017BE06 /* Headers */,
				DC582F411BE1319F0017BE06 /* Resources */,
			);
			buildRules = (
			);
			dependencies = (
			);
			name = "Heimdallr-macOS";
			productName = "Heimdallr-Mac";
			productReference = DC582F431BE1319F0017BE06 /* Heimdallr.framework */;
			productType = "com.apple.product-type.framework";
		};
		DC582F4B1BE1319F0017BE06 /* Heimdallr-macOSTests */ = {
			isa = PBXNativeTarget;
			buildConfigurationList = DC582F571BE1319F0017BE06 /* Build configuration list for PBXNativeTarget "Heimdallr-macOSTests" */;
			buildPhases = (
				DC582F481BE1319F0017BE06 /* Sources */,
				DC582F491BE1319F0017BE06 /* Frameworks */,
				DC582F4A1BE1319F0017BE06 /* Resources */,
			);
			buildRules = (
			);
			dependencies = (
				DC582F4F1BE1319F0017BE06 /* PBXTargetDependency */,
			);
			name = "Heimdallr-macOSTests";
			productName = "Heimdallr-MacTests";
			productReference = DC582F4C1BE1319F0017BE06 /* HeimdallrTests.xctest */;
			productType = "com.apple.product-type.bundle.unit-test";
		};
/* End PBXNativeTarget section */

/* Begin PBXProject section */
		DC545DB91A89F0F10051A575 /* Project object */ = {
			isa = PBXProject;
			attributes = {
				LastSwiftMigration = 0700;
				LastSwiftUpdateCheck = 0710;
				LastUpgradeCheck = 0800;
				ORGANIZATIONNAME = "B264 GmbH";
				TargetAttributes = {
					DC545DC11A89F0F10051A575 = {
						CreatedOnToolsVersion = 6.1.1;
						LastSwiftMigration = 0800;
					};
					DC545DCC1A89F0F10051A575 = {
						CreatedOnToolsVersion = 6.1.1;
						LastSwiftMigration = 0800;
						ProvisioningStyle = Automatic;
					};
					DC582F421BE1319F0017BE06 = {
						CreatedOnToolsVersion = 7.1;
						LastSwiftMigration = 0800;
					};
					DC582F4B1BE1319F0017BE06 = {
						CreatedOnToolsVersion = 7.1;
						LastSwiftMigration = 0800;
					};
				};
			};
			buildConfigurationList = DC545DBC1A89F0F10051A575 /* Build configuration list for PBXProject "Heimdallr" */;
			compatibilityVersion = "Xcode 3.2";
			developmentRegion = English;
			hasScannedForEncodings = 0;
			knownRegions = (
				en,
			);
			mainGroup = DC545DB81A89F0F10051A575;
			productRefGroup = DC545DC31A89F0F10051A575 /* Products */;
			projectDirPath = "";
			projectRoot = "";
			targets = (
				DC582F421BE1319F0017BE06 /* Heimdallr-macOS */,
				DC582F4B1BE1319F0017BE06 /* Heimdallr-macOSTests */,
				DC545DC11A89F0F10051A575 /* Heimdallr-iOS */,
				DC545DCC1A89F0F10051A575 /* Heimdallr-iOSTests */,
			);
		};
/* End PBXProject section */

/* Begin PBXResourcesBuildPhase section */
		DC545DC01A89F0F10051A575 /* Resources */ = {
			isa = PBXResourcesBuildPhase;
			buildActionMask = 2147483647;
			files = (
			);
			runOnlyForDeploymentPostprocessing = 0;
		};
		DC545DCB1A89F0F10051A575 /* Resources */ = {
			isa = PBXResourcesBuildPhase;
			buildActionMask = 2147483647;
			files = (
				DC5220BF1BEA32A000F37F2A /* request-valid.json in Resources */,
				DC5220B11BEA32A000F37F2A /* authorize-error.json in Resources */,
				DC5220B71BEA32A000F37F2A /* authorize-invalid.json in Resources */,
				DC5220BB1BEA32A000F37F2A /* request-invalid-norefresh.json in Resources */,
				DC5220B51BEA32A000F37F2A /* authorize-invalid-type.json in Resources */,
				DC5220B31BEA32A000F37F2A /* authorize-invalid-token.json in Resources */,
				DC5220BD1BEA32A000F37F2A /* request-invalid.json in Resources */,
				DC5220B91BEA32A000F37F2A /* authorize-valid.json in Resources */,
			);
			runOnlyForDeploymentPostprocessing = 0;
		};
		DC582F411BE1319F0017BE06 /* Resources */ = {
			isa = PBXResourcesBuildPhase;
			buildActionMask = 2147483647;
			files = (
			);
			runOnlyForDeploymentPostprocessing = 0;
		};
		DC582F4A1BE1319F0017BE06 /* Resources */ = {
			isa = PBXResourcesBuildPhase;
			buildActionMask = 2147483647;
			files = (
				DC5220C01BEA32A000F37F2A /* request-valid.json in Resources */,
				DC5220B21BEA32A000F37F2A /* authorize-error.json in Resources */,
				DC5220B81BEA32A000F37F2A /* authorize-invalid.json in Resources */,
				DC5220BC1BEA32A000F37F2A /* request-invalid-norefresh.json in Resources */,
				DC5220B61BEA32A000F37F2A /* authorize-invalid-type.json in Resources */,
				DC5220B41BEA32A000F37F2A /* authorize-invalid-token.json in Resources */,
				DC5220BE1BEA32A000F37F2A /* request-invalid.json in Resources */,
				DC5220BA1BEA32A000F37F2A /* authorize-valid.json in Resources */,
			);
			runOnlyForDeploymentPostprocessing = 0;
		};
/* End PBXResourcesBuildPhase section */

/* Begin PBXShellScriptBuildPhase section */
		E8A3F08B1EC0A9780019B8D9 /* Run swiftformat */ = {
			isa = PBXShellScriptBuildPhase;
			buildActionMask = 2147483647;
			files = (
			);
			inputPaths = (
			);
			name = "Run swiftformat";
			outputPaths = (
			);
			runOnlyForDeploymentPostprocessing = 0;
			shellPath = /bin/sh;
			shellScript = "\"${SRCROOT}/bin/swiftformat\" \"${SRCROOT}/Heimdallr/\"";
		};
/* End PBXShellScriptBuildPhase section */

/* Begin PBXSourcesBuildPhase section */
		DC545DBD1A89F0F10051A575 /* Sources */ = {
			isa = PBXSourcesBuildPhase;
			buildActionMask = 2147483647;
			files = (
				DC5220711BEA321300F37F2A /* HeimdallrResourceRequestAuthenticator.swift in Sources */,
				DC5220761BEA321300F37F2A /* OAuthAccessTokenKeychainStore.swift in Sources */,
				DC52206E1BEA321300F37F2A /* Heimdallr.swift in Sources */,
				DC52207A1BEA321300F37F2A /* OAuthError.swift in Sources */,
				DC5220741BEA321300F37F2A /* URLRequestExtensions.swift in Sources */,
				DC5220791BEA321300F37F2A /* OAuthClientCredentials.swift in Sources */,
				DC5220771BEA321300F37F2A /* OAuthAccessTokenStore.swift in Sources */,
				DC5220701BEA321300F37F2A /* HeimdallrHTTPClientURLSession.swift in Sources */,
				DC5220751BEA321300F37F2A /* OAuthAccessToken.swift in Sources */,
				DC5220721BEA321300F37F2A /* HeimdallrResourceRequestAuthenticatorHTTPAuthorizationHeader.swift in Sources */,
				DC52206F1BEA321300F37F2A /* HeimdallrHTTPClient.swift in Sources */,
				E258A1691CC6BC7B00649F5A /* OAuthAccessTokenParser.swift in Sources */,
				E258A16C1CC6BC8600649F5A /* OAuthAccessTokenDefaultParser.swift in Sources */,
				DC5220781BEA321300F37F2A /* OAuthAuthorizationGrant.swift in Sources */,
			);
			runOnlyForDeploymentPostprocessing = 0;
		};
		DC545DC91A89F0F10051A575 /* Sources */ = {
			isa = PBXSourcesBuildPhase;
			buildActionMask = 2147483647;
			files = (
				DC5220C11BEA32A900F37F2A /* HeimdallrResourceRequestAuthenticatorHTTPAuthorizationHeaderSpec.swift in Sources */,
				DC5220C61BEA32A900F37F2A /* OAuthAccessTokenSpec.swift in Sources */,
				DC5220C41BEA32A900F37F2A /* URLRequestExtensionsSpec.swift in Sources */,
				DC5220C51BEA32A900F37F2A /* OAuthAccessTokenKeychainStoreSpec.swift in Sources */,
				DC5220C21BEA32A900F37F2A /* HeimdallrSpec.swift in Sources */,
			);
			runOnlyForDeploymentPostprocessing = 0;
		};
		DC582F3E1BE1319F0017BE06 /* Sources */ = {
			isa = PBXSourcesBuildPhase;
			buildActionMask = 2147483647;
			files = (
				DC52207E1BEA321500F37F2A /* HeimdallrResourceRequestAuthenticator.swift in Sources */,
				DC5220831BEA321500F37F2A /* OAuthAccessTokenKeychainStore.swift in Sources */,
				DC52207B1BEA321500F37F2A /* Heimdallr.swift in Sources */,
				DC5220871BEA321500F37F2A /* OAuthError.swift in Sources */,
				DC5220811BEA321500F37F2A /* URLRequestExtensions.swift in Sources */,
				DC5220861BEA321500F37F2A /* OAuthClientCredentials.swift in Sources */,
				DC5220841BEA321500F37F2A /* OAuthAccessTokenStore.swift in Sources */,
				DC52207D1BEA321500F37F2A /* HeimdallrHTTPClientURLSession.swift in Sources */,
				DC5220821BEA321500F37F2A /* OAuthAccessToken.swift in Sources */,
				DC52207F1BEA321500F37F2A /* HeimdallrResourceRequestAuthenticatorHTTPAuthorizationHeader.swift in Sources */,
				E258A1681CC6B8C500649F5A /* OAuthAccessTokenParser.swift in Sources */,
				DC52207C1BEA321500F37F2A /* HeimdallrHTTPClient.swift in Sources */,
				E258A1661CC6B66900649F5A /* OAuthAccessTokenDefaultParser.swift in Sources */,
				DC5220851BEA321500F37F2A /* OAuthAuthorizationGrant.swift in Sources */,
			);
			runOnlyForDeploymentPostprocessing = 0;
		};
		DC582F481BE1319F0017BE06 /* Sources */ = {
			isa = PBXSourcesBuildPhase;
			buildActionMask = 2147483647;
			files = (
				DC5220C71BEA32AA00F37F2A /* HeimdallrResourceRequestAuthenticatorHTTPAuthorizationHeaderSpec.swift in Sources */,
				DC5220CC1BEA32AA00F37F2A /* OAuthAccessTokenSpec.swift in Sources */,
				DC5220CA1BEA32AA00F37F2A /* URLRequestExtensionsSpec.swift in Sources */,
				DC5220CB1BEA32AA00F37F2A /* OAuthAccessTokenKeychainStoreSpec.swift in Sources */,
				DC5220C81BEA32AA00F37F2A /* HeimdallrSpec.swift in Sources */,
			);
			runOnlyForDeploymentPostprocessing = 0;
		};
/* End PBXSourcesBuildPhase section */

/* Begin PBXTargetDependency section */
		DC545DD01A89F0F10051A575 /* PBXTargetDependency */ = {
			isa = PBXTargetDependency;
			target = DC545DC11A89F0F10051A575 /* Heimdallr-iOS */;
			targetProxy = DC545DCF1A89F0F10051A575 /* PBXContainerItemProxy */;
		};
		DC582F4F1BE1319F0017BE06 /* PBXTargetDependency */ = {
			isa = PBXTargetDependency;
			target = DC582F421BE1319F0017BE06 /* Heimdallr-macOS */;
			targetProxy = DC582F4E1BE1319F0017BE06 /* PBXContainerItemProxy */;
		};
/* End PBXTargetDependency section */

/* Begin XCBuildConfiguration section */
		DC545DD61A89F0F10051A575 /* Debug */ = {
			isa = XCBuildConfiguration;
			baseConfigurationReference = DC712A411C85AD77009860A5 /* Debug.xcconfig */;
			buildSettings = {
				CLANG_WARN_INFINITE_RECURSION = YES;
				CLANG_WARN_SUSPICIOUS_MOVE = YES;
				CURRENT_PROJECT_VERSION = 1;
				ENABLE_TESTABILITY = YES;
				GCC_NO_COMMON_BLOCKS = YES;
				IPHONEOS_DEPLOYMENT_TARGET = 8.0;
				MACOSX_DEPLOYMENT_TARGET = 10.9;
				PRODUCT_BUNDLE_IDENTIFIER = "de.rheinfabrik.$(PRODUCT_NAME:rfc1034identifier)";
				PRODUCT_NAME = "$(PROJECT_NAME)";
				TARGETED_DEVICE_FAMILY = "1,2";
				VERSIONING_SYSTEM = "apple-generic";
				VERSION_INFO_PREFIX = "";
			};
			name = Debug;
		};
		DC545DD71A89F0F10051A575 /* Release */ = {
			isa = XCBuildConfiguration;
			baseConfigurationReference = DC712A431C85AD77009860A5 /* Release.xcconfig */;
			buildSettings = {
				CLANG_WARN_INFINITE_RECURSION = YES;
				CLANG_WARN_SUSPICIOUS_MOVE = YES;
				CURRENT_PROJECT_VERSION = 1;
				GCC_NO_COMMON_BLOCKS = YES;
				IPHONEOS_DEPLOYMENT_TARGET = 8.0;
				MACOSX_DEPLOYMENT_TARGET = 10.9;
				PRODUCT_BUNDLE_IDENTIFIER = "de.rheinfabrik.$(PRODUCT_NAME:rfc1034identifier)";
				PRODUCT_NAME = "$(PROJECT_NAME)";
				TARGETED_DEVICE_FAMILY = "1,2";
				VERSIONING_SYSTEM = "apple-generic";
				VERSION_INFO_PREFIX = "";
			};
			name = Release;
		};
		DC545DD91A89F0F10051A575 /* Debug */ = {
			isa = XCBuildConfiguration;
			baseConfigurationReference = DC712A4C1C85AD77009860A5 /* iOS-Framework.xcconfig */;
			buildSettings = {
				CODE_SIGN_IDENTITY = "iPhone Developer";
				"CODE_SIGN_IDENTITY[sdk=iphoneos*]" = "";
				"CODE_SIGN_IDENTITY[sdk=iphonesimulator*]" = "";
				DYLIB_COMPATIBILITY_VERSION = 1;
				DYLIB_CURRENT_VERSION = 1;
				INFOPLIST_FILE = "Heimdallr/Supporting Files/Info.plist";
				LD_RUNPATH_SEARCH_PATHS = "$(inherited) @executable_path/Frameworks @loader_path/Frameworks";
				SWIFT_VERSION = 3.0;
			};
			name = Debug;
		};
		DC545DDA1A89F0F10051A575 /* Release */ = {
			isa = XCBuildConfiguration;
			baseConfigurationReference = DC712A4C1C85AD77009860A5 /* iOS-Framework.xcconfig */;
			buildSettings = {
				CODE_SIGN_IDENTITY = "iPhone Developer";
				"CODE_SIGN_IDENTITY[sdk=iphoneos*]" = "";
				"CODE_SIGN_IDENTITY[sdk=iphonesimulator*]" = "";
				DYLIB_COMPATIBILITY_VERSION = 1;
				DYLIB_CURRENT_VERSION = 1;
				INFOPLIST_FILE = "Heimdallr/Supporting Files/Info.plist";
				LD_RUNPATH_SEARCH_PATHS = "$(inherited) @executable_path/Frameworks @loader_path/Frameworks";
				SWIFT_VERSION = 3.0;
			};
			name = Release;
		};
		DC545DDC1A89F0F10051A575 /* Debug */ = {
			isa = XCBuildConfiguration;
			baseConfigurationReference = DC712A4A1C85AD77009860A5 /* iOS-Application.xcconfig */;
			buildSettings = {
				"CODE_SIGN_IDENTITY[sdk=iphoneos*]" = "iPhone Developer";
				INFOPLIST_FILE = "HeimdallrTests/Supporting Files/Info.plist";
				LD_RUNPATH_SEARCH_PATHS = "$(inherited) @executable_path/Frameworks @loader_path/Frameworks";
				PRODUCT_NAME = HeimdallrTests;
				SWIFT_VERSION = 3.0;
			};
			name = Debug;
		};
		DC545DDD1A89F0F10051A575 /* Release */ = {
			isa = XCBuildConfiguration;
			baseConfigurationReference = DC712A4A1C85AD77009860A5 /* iOS-Application.xcconfig */;
			buildSettings = {
				"CODE_SIGN_IDENTITY[sdk=iphoneos*]" = "iPhone Developer";
				INFOPLIST_FILE = "HeimdallrTests/Supporting Files/Info.plist";
				LD_RUNPATH_SEARCH_PATHS = "$(inherited) @executable_path/Frameworks @loader_path/Frameworks";
				PRODUCT_NAME = HeimdallrTests;
				SWIFT_VERSION = 3.0;
			};
			name = Release;
		};
		DC582F551BE1319F0017BE06 /* Debug */ = {
			isa = XCBuildConfiguration;
			baseConfigurationReference = DC712A521C85AD77009860A5 /* Mac-Framework.xcconfig */;
			buildSettings = {
				DYLIB_COMPATIBILITY_VERSION = 1;
				DYLIB_CURRENT_VERSION = 1;
				FRAMEWORK_VERSION = A;
				INFOPLIST_FILE = "Heimdallr/Supporting Files/Info.plist";
				LD_RUNPATH_SEARCH_PATHS = "$(inherited) @executable_path/../Frameworks @loader_path/Frameworks";
				SWIFT_VERSION = 3.0;
			};
			name = Debug;
		};
		DC582F561BE1319F0017BE06 /* Release */ = {
			isa = XCBuildConfiguration;
			baseConfigurationReference = DC712A521C85AD77009860A5 /* Mac-Framework.xcconfig */;
			buildSettings = {
				DYLIB_COMPATIBILITY_VERSION = 1;
				DYLIB_CURRENT_VERSION = 1;
				FRAMEWORK_VERSION = A;
				INFOPLIST_FILE = "Heimdallr/Supporting Files/Info.plist";
				LD_RUNPATH_SEARCH_PATHS = "$(inherited) @executable_path/../Frameworks @loader_path/Frameworks";
				SWIFT_VERSION = 3.0;
			};
			name = Release;
		};
		DC582F581BE1319F0017BE06 /* Debug */ = {
			isa = XCBuildConfiguration;
			baseConfigurationReference = DC712A4F1C85AD77009860A5 /* Mac-Application.xcconfig */;
			buildSettings = {
				INFOPLIST_FILE = "HeimdallrTests/Supporting Files/Info.plist";
				LD_RUNPATH_SEARCH_PATHS = "$(inherited) @executable_path/../Frameworks @loader_path/../Frameworks";
				PRODUCT_NAME = HeimdallrTests;
				SWIFT_VERSION = 3.0;
			};
			name = Debug;
		};
		DC582F591BE1319F0017BE06 /* Release */ = {
			isa = XCBuildConfiguration;
			baseConfigurationReference = DC712A4F1C85AD77009860A5 /* Mac-Application.xcconfig */;
			buildSettings = {
				INFOPLIST_FILE = "HeimdallrTests/Supporting Files/Info.plist";
				LD_RUNPATH_SEARCH_PATHS = "$(inherited) @executable_path/../Frameworks @loader_path/../Frameworks";
				PRODUCT_NAME = HeimdallrTests;
				SWIFT_VERSION = 3.0;
			};
			name = Release;
		};
/* End XCBuildConfiguration section */

/* Begin XCConfigurationList section */
		DC545DBC1A89F0F10051A575 /* Build configuration list for PBXProject "Heimdallr" */ = {
			isa = XCConfigurationList;
			buildConfigurations = (
				DC545DD61A89F0F10051A575 /* Debug */,
				DC545DD71A89F0F10051A575 /* Release */,
			);
			defaultConfigurationIsVisible = 0;
			defaultConfigurationName = Release;
		};
		DC545DD81A89F0F10051A575 /* Build configuration list for PBXNativeTarget "Heimdallr-iOS" */ = {
			isa = XCConfigurationList;
			buildConfigurations = (
				DC545DD91A89F0F10051A575 /* Debug */,
				DC545DDA1A89F0F10051A575 /* Release */,
			);
			defaultConfigurationIsVisible = 0;
			defaultConfigurationName = Release;
		};
		DC545DDB1A89F0F10051A575 /* Build configuration list for PBXNativeTarget "Heimdallr-iOSTests" */ = {
			isa = XCConfigurationList;
			buildConfigurations = (
				DC545DDC1A89F0F10051A575 /* Debug */,
				DC545DDD1A89F0F10051A575 /* Release */,
			);
			defaultConfigurationIsVisible = 0;
			defaultConfigurationName = Release;
		};
		DC582F541BE1319F0017BE06 /* Build configuration list for PBXNativeTarget "Heimdallr-macOS" */ = {
			isa = XCConfigurationList;
			buildConfigurations = (
				DC582F551BE1319F0017BE06 /* Debug */,
				DC582F561BE1319F0017BE06 /* Release */,
			);
			defaultConfigurationIsVisible = 0;
			defaultConfigurationName = Release;
		};
		DC582F571BE1319F0017BE06 /* Build configuration list for PBXNativeTarget "Heimdallr-macOSTests" */ = {
			isa = XCConfigurationList;
			buildConfigurations = (
				DC582F581BE1319F0017BE06 /* Debug */,
				DC582F591BE1319F0017BE06 /* Release */,
			);
			defaultConfigurationIsVisible = 0;
			defaultConfigurationName = Release;
		};
/* End XCConfigurationList section */
	};
	rootObject = DC545DB91A89F0F10051A575 /* Project object */;
}
